
Microsoft Visual Studio Solution File, Format Version 12.00
# Visual Studio 14
VisualStudioVersion = 14.0.25420.1
MinimumVisualStudioVersion = 10.0.40219.1
Project("{D954291E-2A0B-460D-934E-DC6B0785DB48}") = "App4", "App4\App4\App4.shproj", "{172AA133-4DCA-4568-B98E-F0BB3C70DB26}"
EndProject
Project("{FAE04EC0-301F-11D3-BF4B-00C04F79EFBC}") = "App4.Droid", "App4\App4.Droid\App4.Droid.csproj", "{CB42702E-683C-4927-B5CC-D50C1E1606A6}"
EndProject
Project("{FAE04EC0-301F-11D3-BF4B-00C04F79EFBC}") = "App4.iOS", "App4\App4.iOS\App4.iOS.csproj", "{0FFF2F07-50FA-496E-AE81-DCC8A125BC96}"
EndProject
Project("{FAE04EC0-301F-11D3-BF4B-00C04F79EFBC}") = "App4.WinPhone", "App4\App4.WinPhone\App4.WinPhone.csproj", "{440408B0-4904-4F6D-9E1F-B0FF83BF2B82}"
EndProject
Project("{FAE04EC0-301F-11D3-BF4B-00C04F79EFBC}") = "App4.UWP", "App4\App4.UWP\App4.UWP.csproj", "{A8DA89AA-D81D-47BC-BE66-00D0733A547E}"
EndProject
Project("{FAE04EC0-301F-11D3-BF4B-00C04F79EFBC}") = "App4.Windows", "App4\App4.Windows\App4.Windows.csproj", "{E1708EE6-2A9F-4098-8AF0-07647E534521}"
EndProject
Global
	GlobalSection(SharedMSBuildProjectFiles) = preSolution
		App4\App4\App4.projitems*{0fff2f07-50fa-496e-ae81-dcc8a125bc96}*SharedItemsImports = 4
		App4\App4\App4.projitems*{172aa133-4dca-4568-b98e-f0bb3c70db26}*SharedItemsImports = 13
		App4\App4\App4.projitems*{cb42702e-683c-4927-b5cc-d50c1e1606a6}*SharedItemsImports = 4
	EndGlobalSection
	GlobalSection(SolutionConfigurationPlatforms) = preSolution
		Ad-Hoc|Any CPU = Ad-Hoc|Any CPU
		Ad-Hoc|ARM = Ad-Hoc|ARM
		Ad-Hoc|iPhone = Ad-Hoc|iPhone
		Ad-Hoc|iPhoneSimulator = Ad-Hoc|iPhoneSimulator
		Ad-Hoc|x64 = Ad-Hoc|x64
		Ad-Hoc|x86 = Ad-Hoc|x86
		AppStore|Any CPU = AppStore|Any CPU
		AppStore|ARM = AppStore|ARM
		AppStore|iPhone = AppStore|iPhone
		AppStore|iPhoneSimulator = AppStore|iPhoneSimulator
		AppStore|x64 = AppStore|x64
		AppStore|x86 = AppStore|x86
		Debug|Any CPU = Debug|Any CPU
		Debug|ARM = Debug|ARM
		Debug|iPhone = Debug|iPhone
		Debug|iPhoneSimulator = Debug|iPhoneSimulator
		Debug|x64 = Debug|x64
		Debug|x86 = Debug|x86
		Release|Any CPU = Release|Any CPU
		Release|ARM = Release|ARM
		Release|iPhone = Release|iPhone
		Release|iPhoneSimulator = Release|iPhoneSimulator
		Release|x64 = Release|x64
		Release|x86 = Release|x86
	EndGlobalSection
	GlobalSection(ProjectConfigurationPlatforms) = postSolution
		{CB42702E-683C-4927-B5CC-D50C1E1606A6}.Ad-Hoc|Any CPU.ActiveCfg = Release|Any CPU
		{CB42702E-683C-4927-B5CC-D50C1E1606A6}.Ad-Hoc|Any CPU.Build.0 = Release|Any CPU
		{CB42702E-683C-4927-B5CC-D50C1E1606A6}.Ad-Hoc|Any CPU.Deploy.0 = Release|Any CPU
		{CB42702E-683C-4927-B5CC-D50C1E1606A6}.Ad-Hoc|ARM.ActiveCfg = Release|Any CPU
		{CB42702E-683C-4927-B5CC-D50C1E1606A6}.Ad-Hoc|ARM.Build.0 = Release|Any CPU
		{CB42702E-683C-4927-B5CC-D50C1E1606A6}.Ad-Hoc|ARM.Deploy.0 = Release|Any CPU
		{CB42702E-683C-4927-B5CC-D50C1E1606A6}.Ad-Hoc|iPhone.ActiveCfg = Release|Any CPU
		{CB42702E-683C-4927-B5CC-D50C1E1606A6}.Ad-Hoc|iPhone.Build.0 = Release|Any CPU
		{CB42702E-683C-4927-B5CC-D50C1E1606A6}.Ad-Hoc|iPhone.Deploy.0 = Release|Any CPU
		{CB42702E-683C-4927-B5CC-D50C1E1606A6}.Ad-Hoc|iPhoneSimulator.ActiveCfg = Release|Any CPU
		{CB42702E-683C-4927-B5CC-D50C1E1606A6}.Ad-Hoc|iPhoneSimulator.Build.0 = Release|Any CPU
		{CB42702E-683C-4927-B5CC-D50C1E1606A6}.Ad-Hoc|iPhoneSimulator.Deploy.0 = Release|Any CPU
		{CB42702E-683C-4927-B5CC-D50C1E1606A6}.Ad-Hoc|x64.ActiveCfg = Release|Any CPU
		{CB42702E-683C-4927-B5CC-D50C1E1606A6}.Ad-Hoc|x64.Build.0 = Release|Any CPU
		{CB42702E-683C-4927-B5CC-D50C1E1606A6}.Ad-Hoc|x64.Deploy.0 = Release|Any CPU
		{CB42702E-683C-4927-B5CC-D50C1E1606A6}.Ad-Hoc|x86.ActiveCfg = Release|Any CPU
		{CB42702E-683C-4927-B5CC-D50C1E1606A6}.Ad-Hoc|x86.Build.0 = Release|Any CPU
		{CB42702E-683C-4927-B5CC-D50C1E1606A6}.Ad-Hoc|x86.Deploy.0 = Release|Any CPU
		{CB42702E-683C-4927-B5CC-D50C1E1606A6}.AppStore|Any CPU.ActiveCfg = Release|Any CPU
		{CB42702E-683C-4927-B5CC-D50C1E1606A6}.AppStore|Any CPU.Build.0 = Release|Any CPU
		{CB42702E-683C-4927-B5CC-D50C1E1606A6}.AppStore|Any CPU.Deploy.0 = Release|Any CPU
		{CB42702E-683C-4927-B5CC-D50C1E1606A6}.AppStore|ARM.ActiveCfg = Release|Any CPU
		{CB42702E-683C-4927-B5CC-D50C1E1606A6}.AppStore|ARM.Build.0 = Release|Any CPU
		{CB42702E-683C-4927-B5CC-D50C1E1606A6}.AppStore|ARM.Deploy.0 = Release|Any CPU
		{CB42702E-683C-4927-B5CC-D50C1E1606A6}.AppStore|iPhone.ActiveCfg = Release|Any CPU
		{CB42702E-683C-4927-B5CC-D50C1E1606A6}.AppStore|iPhone.Build.0 = Release|Any CPU
		{CB42702E-683C-4927-B5CC-D50C1E1606A6}.AppStore|iPhone.Deploy.0 = Release|Any CPU
		{CB42702E-683C-4927-B5CC-D50C1E1606A6}.AppStore|iPhoneSimulator.ActiveCfg = Release|Any CPU
		{CB42702E-683C-4927-B5CC-D50C1E1606A6}.AppStore|iPhoneSimulator.Build.0 = Release|Any CPU
		{CB42702E-683C-4927-B5CC-D50C1E1606A6}.AppStore|iPhoneSimulator.Deploy.0 = Release|Any CPU
		{CB42702E-683C-4927-B5CC-D50C1E1606A6}.AppStore|x64.ActiveCfg = Release|Any CPU
		{CB42702E-683C-4927-B5CC-D50C1E1606A6}.AppStore|x64.Build.0 = Release|Any CPU
		{CB42702E-683C-4927-B5CC-D50C1E1606A6}.AppStore|x64.Deploy.0 = Release|Any CPU
		{CB42702E-683C-4927-B5CC-D50C1E1606A6}.AppStore|x86.ActiveCfg = Release|Any CPU
		{CB42702E-683C-4927-B5CC-D50C1E1606A6}.AppStore|x86.Build.0 = Release|Any CPU
		{CB42702E-683C-4927-B5CC-D50C1E1606A6}.AppStore|x86.Deploy.0 = Release|Any CPU
		{CB42702E-683C-4927-B5CC-D50C1E1606A6}.Debug|Any CPU.ActiveCfg = Debug|Any CPU
		{CB42702E-683C-4927-B5CC-D50C1E1606A6}.Debug|Any CPU.Build.0 = Debug|Any CPU
		{CB42702E-683C-4927-B5CC-D50C1E1606A6}.Debug|Any CPU.Deploy.0 = Debug|Any CPU
		{CB42702E-683C-4927-B5CC-D50C1E1606A6}.Debug|ARM.ActiveCfg = Debug|Any CPU
		{CB42702E-683C-4927-B5CC-D50C1E1606A6}.Debug|ARM.Build.0 = Debug|Any CPU
		{CB42702E-683C-4927-B5CC-D50C1E1606A6}.Debug|ARM.Deploy.0 = Debug|Any CPU
		{CB42702E-683C-4927-B5CC-D50C1E1606A6}.Debug|iPhone.ActiveCfg = Debug|Any CPU
		{CB42702E-683C-4927-B5CC-D50C1E1606A6}.Debug|iPhone.Build.0 = Debug|Any CPU
		{CB42702E-683C-4927-B5CC-D50C1E1606A6}.Debug|iPhone.Deploy.0 = Debug|Any CPU
		{CB42702E-683C-4927-B5CC-D50C1E1606A6}.Debug|iPhoneSimulator.ActiveCfg = Debug|Any CPU
		{CB42702E-683C-4927-B5CC-D50C1E1606A6}.Debug|iPhoneSimulator.Build.0 = Debug|Any CPU
		{CB42702E-683C-4927-B5CC-D50C1E1606A6}.Debug|iPhoneSimulator.Deploy.0 = Debug|Any CPU
		{CB42702E-683C-4927-B5CC-D50C1E1606A6}.Debug|x64.ActiveCfg = Debug|Any CPU
		{CB42702E-683C-4927-B5CC-D50C1E1606A6}.Debug|x64.Build.0 = Debug|Any CPU
		{CB42702E-683C-4927-B5CC-D50C1E1606A6}.Debug|x64.Deploy.0 = Debug|Any CPU
		{CB42702E-683C-4927-B5CC-D50C1E1606A6}.Debug|x86.ActiveCfg = Debug|Any CPU
		{CB42702E-683C-4927-B5CC-D50C1E1606A6}.Debug|x86.Build.0 = Debug|Any CPU
		{CB42702E-683C-4927-B5CC-D50C1E1606A6}.Debug|x86.Deploy.0 = Debug|Any CPU
		{CB42702E-683C-4927-B5CC-D50C1E1606A6}.Release|Any CPU.ActiveCfg = Release|Any CPU
		{CB42702E-683C-4927-B5CC-D50C1E1606A6}.Release|Any CPU.Build.0 = Release|Any CPU
		{CB42702E-683C-4927-B5CC-D50C1E1606A6}.Release|Any CPU.Deploy.0 = Release|Any CPU
		{CB42702E-683C-4927-B5CC-D50C1E1606A6}.Release|ARM.ActiveCfg = Release|Any CPU
		{CB42702E-683C-4927-B5CC-D50C1E1606A6}.Release|ARM.Build.0 = Release|Any CPU
		{CB42702E-683C-4927-B5CC-D50C1E1606A6}.Release|ARM.Deploy.0 = Release|Any CPU
		{CB42702E-683C-4927-B5CC-D50C1E1606A6}.Release|iPhone.ActiveCfg = Release|Any CPU
		{CB42702E-683C-4927-B5CC-D50C1E1606A6}.Release|iPhone.Build.0 = Release|Any CPU
		{CB42702E-683C-4927-B5CC-D50C1E1606A6}.Release|iPhone.Deploy.0 = Release|Any CPU
		{CB42702E-683C-4927-B5CC-D50C1E1606A6}.Release|iPhoneSimulator.ActiveCfg = Release|Any CPU
		{CB42702E-683C-4927-B5CC-D50C1E1606A6}.Release|iPhoneSimulator.Build.0 = Release|Any CPU
		{CB42702E-683C-4927-B5CC-D50C1E1606A6}.Release|iPhoneSimulator.Deploy.0 = Release|Any CPU
		{CB42702E-683C-4927-B5CC-D50C1E1606A6}.Release|x64.ActiveCfg = Release|Any CPU
		{CB42702E-683C-4927-B5CC-D50C1E1606A6}.Release|x64.Build.0 = Release|Any CPU
		{CB42702E-683C-4927-B5CC-D50C1E1606A6}.Release|x64.Deploy.0 = Release|Any CPU
		{CB42702E-683C-4927-B5CC-D50C1E1606A6}.Release|x86.ActiveCfg = Release|Any CPU
		{CB42702E-683C-4927-B5CC-D50C1E1606A6}.Release|x86.Build.0 = Release|Any CPU
		{CB42702E-683C-4927-B5CC-D50C1E1606A6}.Release|x86.Deploy.0 = Release|Any CPU
		{0FFF2F07-50FA-496E-AE81-DCC8A125BC96}.Ad-Hoc|Any CPU.ActiveCfg = Ad-Hoc|iPhone
		{0FFF2F07-50FA-496E-AE81-DCC8A125BC96}.Ad-Hoc|ARM.ActiveCfg = Ad-Hoc|iPhone
		{0FFF2F07-50FA-496E-AE81-DCC8A125BC96}.Ad-Hoc|iPhone.ActiveCfg = Ad-Hoc|iPhone
		{0FFF2F07-50FA-496E-AE81-DCC8A125BC96}.Ad-Hoc|iPhone.Build.0 = Ad-Hoc|iPhone
		{0FFF2F07-50FA-496E-AE81-DCC8A125BC96}.Ad-Hoc|iPhoneSimulator.ActiveCfg = Ad-Hoc|iPhoneSimulator
		{0FFF2F07-50FA-496E-AE81-DCC8A125BC96}.Ad-Hoc|iPhoneSimulator.Build.0 = Ad-Hoc|iPhoneSimulator
		{0FFF2F07-50FA-496E-AE81-DCC8A125BC96}.Ad-Hoc|x64.ActiveCfg = Ad-Hoc|iPhone
		{0FFF2F07-50FA-496E-AE81-DCC8A125BC96}.Ad-Hoc|x86.ActiveCfg = Ad-Hoc|iPhone
		{0FFF2F07-50FA-496E-AE81-DCC8A125BC96}.AppStore|Any CPU.ActiveCfg = AppStore|iPhone
		{0FFF2F07-50FA-496E-AE81-DCC8A125BC96}.AppStore|ARM.ActiveCfg = AppStore|iPhone
		{0FFF2F07-50FA-496E-AE81-DCC8A125BC96}.AppStore|iPhone.ActiveCfg = AppStore|iPhone
		{0FFF2F07-50FA-496E-AE81-DCC8A125BC96}.AppStore|iPhone.Build.0 = AppStore|iPhone
		{0FFF2F07-50FA-496E-AE81-DCC8A125BC96}.AppStore|iPhoneSimulator.ActiveCfg = AppStore|iPhoneSimulator
		{0FFF2F07-50FA-496E-AE81-DCC8A125BC96}.AppStore|iPhoneSimulator.Build.0 = AppStore|iPhoneSimulator
		{0FFF2F07-50FA-496E-AE81-DCC8A125BC96}.AppStore|x64.ActiveCfg = AppStore|iPhone
		{0FFF2F07-50FA-496E-AE81-DCC8A125BC96}.AppStore|x86.ActiveCfg = AppStore|iPhone
		{0FFF2F07-50FA-496E-AE81-DCC8A125BC96}.Debug|Any CPU.ActiveCfg = Debug|iPhone
		{0FFF2F07-50FA-496E-AE81-DCC8A125BC96}.Debug|ARM.ActiveCfg = Debug|iPhone
		{0FFF2F07-50FA-496E-AE81-DCC8A125BC96}.Debug|iPhone.ActiveCfg = Debug|iPhone
		{0FFF2F07-50FA-496E-AE81-DCC8A125BC96}.Debug|iPhone.Build.0 = Debug|iPhone
		{0FFF2F07-50FA-496E-AE81-DCC8A125BC96}.Debug|iPhoneSimulator.ActiveCfg = Debug|iPhoneSimulator
		{0FFF2F07-50FA-496E-AE81-DCC8A125BC96}.Debug|iPhoneSimulator.Build.0 = Debug|iPhoneSimulator
		{0FFF2F07-50FA-496E-AE81-DCC8A125BC96}.Debug|x64.ActiveCfg = Debug|iPhone
		{0FFF2F07-50FA-496E-AE81-DCC8A125BC96}.Debug|x86.ActiveCfg = Debug|iPhone
		{0FFF2F07-50FA-496E-AE81-DCC8A125BC96}.Release|Any CPU.ActiveCfg = Release|iPhone
		{0FFF2F07-50FA-496E-AE81-DCC8A125BC96}.Release|ARM.ActiveCfg = Release|iPhone
		{0FFF2F07-50FA-496E-AE81-DCC8A125BC96}.Release|iPhone.ActiveCfg = Release|iPhone
		{0FFF2F07-50FA-496E-AE81-DCC8A125BC96}.Release|iPhone.Build.0 = Release|iPhone
		{0FFF2F07-50FA-496E-AE81-DCC8A125BC96}.Release|iPhoneSimulator.ActiveCfg = Release|iPhoneSimulator
		{0FFF2F07-50FA-496E-AE81-DCC8A125BC96}.Release|iPhoneSimulator.Build.0 = Release|iPhoneSimulator
		{0FFF2F07-50FA-496E-AE81-DCC8A125BC96}.Release|x64.ActiveCfg = Release|iPhone
		{0FFF2F07-50FA-496E-AE81-DCC8A125BC96}.Release|x86.ActiveCfg = Release|iPhone
		{440408B0-4904-4F6D-9E1F-B0FF83BF2B82}.Ad-Hoc|Any CPU.ActiveCfg = Release|Any CPU
		{440408B0-4904-4F6D-9E1F-B0FF83BF2B82}.Ad-Hoc|Any CPU.Build.0 = Release|Any CPU
		{440408B0-4904-4F6D-9E1F-B0FF83BF2B82}.Ad-Hoc|Any CPU.Deploy.0 = Release|Any CPU
		{440408B0-4904-4F6D-9E1F-B0FF83BF2B82}.Ad-Hoc|ARM.ActiveCfg = Release|ARM
		{440408B0-4904-4F6D-9E1F-B0FF83BF2B82}.Ad-Hoc|ARM.Build.0 = Release|ARM
		{440408B0-4904-4F6D-9E1F-B0FF83BF2B82}.Ad-Hoc|ARM.Deploy.0 = Release|ARM
		{440408B0-4904-4F6D-9E1F-B0FF83BF2B82}.Ad-Hoc|iPhone.ActiveCfg = Release|Any CPU
		{440408B0-4904-4F6D-9E1F-B0FF83BF2B82}.Ad-Hoc|iPhone.Build.0 = Release|Any CPU
		{440408B0-4904-4F6D-9E1F-B0FF83BF2B82}.Ad-Hoc|iPhone.Deploy.0 = Release|Any CPU
		{440408B0-4904-4F6D-9E1F-B0FF83BF2B82}.Ad-Hoc|iPhoneSimulator.ActiveCfg = Release|Any CPU
		{440408B0-4904-4F6D-9E1F-B0FF83BF2B82}.Ad-Hoc|iPhoneSimulator.Build.0 = Release|Any CPU
		{440408B0-4904-4F6D-9E1F-B0FF83BF2B82}.Ad-Hoc|iPhoneSimulator.Deploy.0 = Release|Any CPU
		{440408B0-4904-4F6D-9E1F-B0FF83BF2B82}.Ad-Hoc|x64.ActiveCfg = Release|Any CPU
		{440408B0-4904-4F6D-9E1F-B0FF83BF2B82}.Ad-Hoc|x64.Build.0 = Release|Any CPU
		{440408B0-4904-4F6D-9E1F-B0FF83BF2B82}.Ad-Hoc|x64.Deploy.0 = Release|Any CPU
		{440408B0-4904-4F6D-9E1F-B0FF83BF2B82}.Ad-Hoc|x86.ActiveCfg = Release|x86
		{440408B0-4904-4F6D-9E1F-B0FF83BF2B82}.Ad-Hoc|x86.Build.0 = Release|x86
		{440408B0-4904-4F6D-9E1F-B0FF83BF2B82}.Ad-Hoc|x86.Deploy.0 = Release|x86
		{440408B0-4904-4F6D-9E1F-B0FF83BF2B82}.AppStore|Any CPU.ActiveCfg = Release|Any CPU
		{440408B0-4904-4F6D-9E1F-B0FF83BF2B82}.AppStore|Any CPU.Build.0 = Release|Any CPU
		{440408B0-4904-4F6D-9E1F-B0FF83BF2B82}.AppStore|Any CPU.Deploy.0 = Release|Any CPU
		{440408B0-4904-4F6D-9E1F-B0FF83BF2B82}.AppStore|ARM.ActiveCfg = Release|ARM
		{440408B0-4904-4F6D-9E1F-B0FF83BF2B82}.AppStore|ARM.Build.0 = Release|ARM
		{440408B0-4904-4F6D-9E1F-B0FF83BF2B82}.AppStore|ARM.Deploy.0 = Release|ARM
		{440408B0-4904-4F6D-9E1F-B0FF83BF2B82}.AppStore|iPhone.ActiveCfg = Release|Any CPU
		{440408B0-4904-4F6D-9E1F-B0FF83BF2B82}.AppStore|iPhone.Build.0 = Release|Any CPU
		{440408B0-4904-4F6D-9E1F-B0FF83BF2B82}.AppStore|iPhone.Deploy.0 = Release|Any CPU
		{440408B0-4904-4F6D-9E1F-B0FF83BF2B82}.AppStore|iPhoneSimulator.ActiveCfg = Release|Any CPU
		{440408B0-4904-4F6D-9E1F-B0FF83BF2B82}.AppStore|iPhoneSimulator.Build.0 = Release|Any CPU
		{440408B0-4904-4F6D-9E1F-B0FF83BF2B82}.AppStore|iPhoneSimulator.Deploy.0 = Release|Any CPU
		{440408B0-4904-4F6D-9E1F-B0FF83BF2B82}.AppStore|x64.ActiveCfg = Release|Any CPU
		{440408B0-4904-4F6D-9E1F-B0FF83BF2B82}.AppStore|x64.Build.0 = Release|Any CPU
		{440408B0-4904-4F6D-9E1F-B0FF83BF2B82}.AppStore|x64.Deploy.0 = Release|Any CPU
		{440408B0-4904-4F6D-9E1F-B0FF83BF2B82}.AppStore|x86.ActiveCfg = Release|x86
		{440408B0-4904-4F6D-9E1F-B0FF83BF2B82}.AppStore|x86.Build.0 = Release|x86
		{440408B0-4904-4F6D-9E1F-B0FF83BF2B82}.AppStore|x86.Deploy.0 = Release|x86
		{440408B0-4904-4F6D-9E1F-B0FF83BF2B82}.Debug|Any CPU.ActiveCfg = Debug|Any CPU
		{440408B0-4904-4F6D-9E1F-B0FF83BF2B82}.Debug|Any CPU.Build.0 = Debug|Any CPU
		{440408B0-4904-4F6D-9E1F-B0FF83BF2B82}.Debug|Any CPU.Deploy.0 = Debug|Any CPU
		{440408B0-4904-4F6D-9E1F-B0FF83BF2B82}.Debug|ARM.ActiveCfg = Debug|ARM
		{440408B0-4904-4F6D-9E1F-B0FF83BF2B82}.Debug|ARM.Build.0 = Debug|ARM
		{440408B0-4904-4F6D-9E1F-B0FF83BF2B82}.Debug|ARM.Deploy.0 = Debug|ARM
		{440408B0-4904-4F6D-9E1F-B0FF83BF2B82}.Debug|iPhone.ActiveCfg = Debug|Any CPU
		{440408B0-4904-4F6D-9E1F-B0FF83BF2B82}.Debug|iPhone.Build.0 = Debug|Any CPU
		{440408B0-4904-4F6D-9E1F-B0FF83BF2B82}.Debug|iPhone.Deploy.0 = Debug|Any CPU
		{440408B0-4904-4F6D-9E1F-B0FF83BF2B82}.Debug|iPhoneSimulator.ActiveCfg = Debug|Any CPU
		{440408B0-4904-4F6D-9E1F-B0FF83BF2B82}.Debug|iPhoneSimulator.Build.0 = Debug|Any CPU
		{440408B0-4904-4F6D-9E1F-B0FF83BF2B82}.Debug|iPhoneSimulator.Deploy.0 = Debug|Any CPU
		{440408B0-4904-4F6D-9E1F-B0FF83BF2B82}.Debug|x64.ActiveCfg = Debug|Any CPU
		{440408B0-4904-4F6D-9E1F-B0FF83BF2B82}.Debug|x64.Build.0 = Debug|Any CPU
		{440408B0-4904-4F6D-9E1F-B0FF83BF2B82}.Debug|x64.Deploy.0 = Debug|Any CPU
		{440408B0-4904-4F6D-9E1F-B0FF83BF2B82}.Debug|x86.ActiveCfg = Debug|x86
		{440408B0-4904-4F6D-9E1F-B0FF83BF2B82}.Debug|x86.Build.0 = Debug|x86
		{440408B0-4904-4F6D-9E1F-B0FF83BF2B82}.Debug|x86.Deploy.0 = Debug|x86
		{440408B0-4904-4F6D-9E1F-B0FF83BF2B82}.Release|Any CPU.ActiveCfg = Release|Any CPU
		{440408B0-4904-4F6D-9E1F-B0FF83BF2B82}.Release|Any CPU.Build.0 = Release|Any CPU
		{440408B0-4904-4F6D-9E1F-B0FF83BF2B82}.Release|Any CPU.Deploy.0 = Release|Any CPU
		{440408B0-4904-4F6D-9E1F-B0FF83BF2B82}.Release|ARM.ActiveCfg = Release|ARM
		{440408B0-4904-4F6D-9E1F-B0FF83BF2B82}.Release|ARM.Build.0 = Release|ARM
		{440408B0-4904-4F6D-9E1F-B0FF83BF2B82}.Release|ARM.Deploy.0 = Release|ARM
		{440408B0-4904-4F6D-9E1F-B0FF83BF2B82}.Release|iPhone.ActiveCfg = Release|Any CPU
		{440408B0-4904-4F6D-9E1F-B0FF83BF2B82}.Release|iPhone.Build.0 = Release|Any CPU
		{440408B0-4904-4F6D-9E1F-B0FF83BF2B82}.Release|iPhone.Deploy.0 = Release|Any CPU
		{440408B0-4904-4F6D-9E1F-B0FF83BF2B82}.Release|iPhoneSimulator.ActiveCfg = Release|Any CPU
		{440408B0-4904-4F6D-9E1F-B0FF83BF2B82}.Release|iPhoneSimulator.Build.0 = Release|Any CPU
		{440408B0-4904-4F6D-9E1F-B0FF83BF2B82}.Release|iPhoneSimulator.Deploy.0 = Release|Any CPU
		{440408B0-4904-4F6D-9E1F-B0FF83BF2B82}.Release|x64.ActiveCfg = Release|Any CPU
		{440408B0-4904-4F6D-9E1F-B0FF83BF2B82}.Release|x64.Build.0 = Release|Any CPU
		{440408B0-4904-4F6D-9E1F-B0FF83BF2B82}.Release|x64.Deploy.0 = Release|Any CPU
		{440408B0-4904-4F6D-9E1F-B0FF83BF2B82}.Release|x86.ActiveCfg = Release|x86
		{440408B0-4904-4F6D-9E1F-B0FF83BF2B82}.Release|x86.Build.0 = Release|x86
		{440408B0-4904-4F6D-9E1F-B0FF83BF2B82}.Release|x86.Deploy.0 = Release|x86
		{A8DA89AA-D81D-47BC-BE66-00D0733A547E}.Ad-Hoc|Any CPU.ActiveCfg = Release|x86
		{A8DA89AA-D81D-47BC-BE66-00D0733A547E}.Ad-Hoc|Any CPU.Build.0 = Release|x86
		{A8DA89AA-D81D-47BC-BE66-00D0733A547E}.Ad-Hoc|Any CPU.Deploy.0 = Release|x86
		{A8DA89AA-D81D-47BC-BE66-00D0733A547E}.Ad-Hoc|ARM.ActiveCfg = Release|ARM
		{A8DA89AA-D81D-47BC-BE66-00D0733A547E}.Ad-Hoc|ARM.Build.0 = Release|ARM
		{A8DA89AA-D81D-47BC-BE66-00D0733A547E}.Ad-Hoc|ARM.Deploy.0 = Release|ARM
		{A8DA89AA-D81D-47BC-BE66-00D0733A547E}.Ad-Hoc|iPhone.ActiveCfg = Release|x86
		{A8DA89AA-D81D-47BC-BE66-00D0733A547E}.Ad-Hoc|iPhone.Build.0 = Release|x86
		{A8DA89AA-D81D-47BC-BE66-00D0733A547E}.Ad-Hoc|iPhone.Deploy.0 = Release|x86
		{A8DA89AA-D81D-47BC-BE66-00D0733A547E}.Ad-Hoc|iPhoneSimulator.ActiveCfg = Release|x86
		{A8DA89AA-D81D-47BC-BE66-00D0733A547E}.Ad-Hoc|iPhoneSimulator.Build.0 = Release|x86
		{A8DA89AA-D81D-47BC-BE66-00D0733A547E}.Ad-Hoc|iPhoneSimulator.Deploy.0 = Release|x86
		{A8DA89AA-D81D-47BC-BE66-00D0733A547E}.Ad-Hoc|x64.ActiveCfg = Release|x64
		{A8DA89AA-D81D-47BC-BE66-00D0733A547E}.Ad-Hoc|x64.Build.0 = Release|x64
		{A8DA89AA-D81D-47BC-BE66-00D0733A547E}.Ad-Hoc|x64.Deploy.0 = Release|x64
		{A8DA89AA-D81D-47BC-BE66-00D0733A547E}.Ad-Hoc|x86.ActiveCfg = Release|x86
		{A8DA89AA-D81D-47BC-BE66-00D0733A547E}.Ad-Hoc|x86.Build.0 = Release|x86
		{A8DA89AA-D81D-47BC-BE66-00D0733A547E}.Ad-Hoc|x86.Deploy.0 = Release|x86
		{A8DA89AA-D81D-47BC-BE66-00D0733A547E}.AppStore|Any CPU.ActiveCfg = Release|x86
		{A8DA89AA-D81D-47BC-BE66-00D0733A547E}.AppStore|Any CPU.Build.0 = Release|x86
		{A8DA89AA-D81D-47BC-BE66-00D0733A547E}.AppStore|Any CPU.Deploy.0 = Release|x86
		{A8DA89AA-D81D-47BC-BE66-00D0733A547E}.AppStore|ARM.ActiveCfg = Release|ARM
		{A8DA89AA-D81D-47BC-BE66-00D0733A547E}.AppStore|ARM.Build.0 = Release|ARM
		{A8DA89AA-D81D-47BC-BE66-00D0733A547E}.AppStore|ARM.Deploy.0 = Release|ARM
		{A8DA89AA-D81D-47BC-BE66-00D0733A547E}.AppStore|iPhone.ActiveCfg = Release|x86
		{A8DA89AA-D81D-47BC-BE66-00D0733A547E}.AppStore|iPhone.Build.0 = Release|x86
		{A8DA89AA-D81D-47BC-BE66-00D0733A547E}.AppStore|iPhone.Deploy.0 = Release|x86
		{A8DA89AA-D81D-47BC-BE66-00D0733A547E}.AppStore|iPhoneSimulator.ActiveCfg = Release|x86
		{A8DA89AA-D81D-47BC-BE66-00D0733A547E}.AppStore|iPhoneSimulator.Build.0 = Release|x86
		{A8DA89AA-D81D-47BC-BE66-00D0733A547E}.AppStore|iPhoneSimulator.Deploy.0 = Release|x86
		{A8DA89AA-D81D-47BC-BE66-00D0733A547E}.AppStore|x64.ActiveCfg = Release|x64
		{A8DA89AA-D81D-47BC-BE66-00D0733A547E}.AppStore|x64.Build.0 = Release|x64
		{A8DA89AA-D81D-47BC-BE66-00D0733A547E}.AppStore|x64.Deploy.0 = Release|x64
		{A8DA89AA-D81D-47BC-BE66-00D0733A547E}.AppStore|x86.ActiveCfg = Release|x86
		{A8DA89AA-D81D-47BC-BE66-00D0733A547E}.AppStore|x86.Build.0 = Release|x86
		{A8DA89AA-D81D-47BC-BE66-00D0733A547E}.AppStore|x86.Deploy.0 = Release|x86
		{A8DA89AA-D81D-47BC-BE66-00D0733A547E}.Debug|Any CPU.ActiveCfg = Debug|x86
		{A8DA89AA-D81D-47BC-BE66-00D0733A547E}.Debug|ARM.ActiveCfg = Debug|ARM
		{A8DA89AA-D81D-47BC-BE66-00D0733A547E}.Debug|ARM.Build.0 = Debug|ARM
		{A8DA89AA-D81D-47BC-BE66-00D0733A547E}.Debug|ARM.Deploy.0 = Debug|ARM
		{A8DA89AA-D81D-47BC-BE66-00D0733A547E}.Debug|iPhone.ActiveCfg = Debug|x86
		{A8DA89AA-D81D-47BC-BE66-00D0733A547E}.Debug|iPhoneSimulator.ActiveCfg = Debug|x86
		{A8DA89AA-D81D-47BC-BE66-00D0733A547E}.Debug|x64.ActiveCfg = Debug|x64
		{A8DA89AA-D81D-47BC-BE66-00D0733A547E}.Debug|x64.Build.0 = Debug|x64
		{A8DA89AA-D81D-47BC-BE66-00D0733A547E}.Debug|x64.Deploy.0 = Debug|x64
		{A8DA89AA-D81D-47BC-BE66-00D0733A547E}.Debug|x86.ActiveCfg = Debug|x86
		{A8DA89AA-D81D-47BC-BE66-00D0733A547E}.Debug|x86.Build.0 = Debug|x86
		{A8DA89AA-D81D-47BC-BE66-00D0733A547E}.Debug|x86.Deploy.0 = Debug|x86
		{A8DA89AA-D81D-47BC-BE66-00D0733A547E}.Release|Any CPU.ActiveCfg = Release|x86
		{A8DA89AA-D81D-47BC-BE66-00D0733A547E}.Release|ARM.ActiveCfg = Release|ARM
		{A8DA89AA-D81D-47BC-BE66-00D0733A547E}.Release|ARM.Build.0 = Release|ARM
		{A8DA89AA-D81D-47BC-BE66-00D0733A547E}.Release|ARM.Deploy.0 = Release|ARM
		{A8DA89AA-D81D-47BC-BE66-00D0733A547E}.Release|iPhone.ActiveCfg = Release|x86
		{A8DA89AA-D81D-47BC-BE66-00D0733A547E}.Release|iPhoneSimulator.ActiveCfg = Release|x86
		{A8DA89AA-D81D-47BC-BE66-00D0733A547E}.Release|x64.ActiveCfg = Release|x64
		{A8DA89AA-D81D-47BC-BE66-00D0733A547E}.Release|x64.Build.0 = Release|x64
		{A8DA89AA-D81D-47BC-BE66-00D0733A547E}.Release|x64.Deploy.0 = Release|x64
		{A8DA89AA-D81D-47BC-BE66-00D0733A547E}.Release|x86.ActiveCfg = Release|x86
		{A8DA89AA-D81D-47BC-BE66-00D0733A547E}.Release|x86.Build.0 = Release|x86
		{A8DA89AA-D81D-47BC-BE66-00D0733A547E}.Release|x86.Deploy.0 = Release|x86
		{E1708EE6-2A9F-4098-8AF0-07647E534521}.Ad-Hoc|Any CPU.ActiveCfg = Release|Any CPU
		{E1708EE6-2A9F-4098-8AF0-07647E534521}.Ad-Hoc|Any CPU.Build.0 = Release|Any CPU
		{E1708EE6-2A9F-4098-8AF0-07647E534521}.Ad-Hoc|Any CPU.Deploy.0 = Release|Any CPU
		{E1708EE6-2A9F-4098-8AF0-07647E534521}.Ad-Hoc|ARM.ActiveCfg = Release|ARM
		{E1708EE6-2A9F-4098-8AF0-07647E534521}.Ad-Hoc|ARM.Build.0 = Release|ARM
		{E1708EE6-2A9F-4098-8AF0-07647E534521}.Ad-Hoc|ARM.Deploy.0 = Release|ARM
		{E1708EE6-2A9F-4098-8AF0-07647E534521}.Ad-Hoc|iPhone.ActiveCfg = Release|Any CPU
		{E1708EE6-2A9F-4098-8AF0-07647E534521}.Ad-Hoc|iPhone.Build.0 = Release|Any CPU
		{E1708EE6-2A9F-4098-8AF0-07647E534521}.Ad-Hoc|iPhone.Deploy.0 = Release|Any CPU
		{E1708EE6-2A9F-4098-8AF0-07647E534521}.Ad-Hoc|iPhoneSimulator.ActiveCfg = Release|Any CPU
		{E1708EE6-2A9F-4098-8AF0-07647E534521}.Ad-Hoc|iPhoneSimulator.Build.0 = Release|Any CPU
		{E1708EE6-2A9F-4098-8AF0-07647E534521}.Ad-Hoc|iPhoneSimulator.Deploy.0 = Release|Any CPU
		{E1708EE6-2A9F-4098-8AF0-07647E534521}.Ad-Hoc|x64.ActiveCfg = Release|x64
		{E1708EE6-2A9F-4098-8AF0-07647E534521}.Ad-Hoc|x64.Build.0 = Release|x64
		{E1708EE6-2A9F-4098-8AF0-07647E534521}.Ad-Hoc|x64.Deploy.0 = Release|x64
		{E1708EE6-2A9F-4098-8AF0-07647E534521}.Ad-Hoc|x86.ActiveCfg = Release|x86
		{E1708EE6-2A9F-4098-8AF0-07647E534521}.Ad-Hoc|x86.Build.0 = Release|x86
		{E1708EE6-2A9F-4098-8AF0-07647E534521}.Ad-Hoc|x86.Deploy.0 = Release|x86
		{E1708EE6-2A9F-4098-8AF0-07647E534521}.AppStore|Any CPU.ActiveCfg = Release|Any CPU
		{E1708EE6-2A9F-4098-8AF0-07647E534521}.AppStore|Any CPU.Build.0 = Release|Any CPU
		{E1708EE6-2A9F-4098-8AF0-07647E534521}.AppStore|Any CPU.Deploy.0 = Release|Any CPU
		{E1708EE6-2A9F-4098-8AF0-07647E534521}.AppStore|ARM.ActiveCfg = Release|ARM
		{E1708EE6-2A9F-4098-8AF0-07647E534521}.AppStore|ARM.Build.0 = Release|ARM
		{E1708EE6-2A9F-4098-8AF0-07647E534521}.AppStore|ARM.Deploy.0 = Release|ARM
		{E1708EE6-2A9F-4098-8AF0-07647E534521}.AppStore|iPhone.ActiveCfg = Release|Any CPU
		{E1708EE6-2A9F-4098-8AF0-07647E534521}.AppStore|iPhone.Build.0 = Release|Any CPU
		{E1708EE6-2A9F-4098-8AF0-07647E534521}.AppStore|iPhone.Deploy.0 = Release|Any CPU
		{E1708EE6-2A9F-4098-8AF0-07647E534521}.AppStore|iPhoneSimulator.ActiveCfg = Release|Any CPU
		{E1708EE6-2A9F-4098-8AF0-07647E534521}.AppStore|iPhoneSimulator.Build.0 = Release|Any CPU
		{E1708EE6-2A9F-4098-8AF0-07647E534521}.AppStore|iPhoneSimulator.Deploy.0 = Release|Any CPU
		{E1708EE6-2A9F-4098-8AF0-07647E534521}.AppStore|x64.ActiveCfg = Release|x64
		{E1708EE6-2A9F-4098-8AF0-07647E534521}.AppStore|x64.Build.0 = Release|x64
		{E1708EE6-2A9F-4098-8AF0-07647E534521}.AppStore|x64.Deploy.0 = Release|x64
		{E1708EE6-2A9F-4098-8AF0-07647E534521}.AppStore|x86.ActiveCfg = Release|x86
		{E1708EE6-2A9F-4098-8AF0-07647E534521}.AppStore|x86.Build.0 = Release|x86
		{E1708EE6-2A9F-4098-8AF0-07647E534521}.AppStore|x86.Deploy.0 = Release|x86
		{E1708EE6-2A9F-4098-8AF0-07647E534521}.Debug|Any CPU.ActiveCfg = Debug|Any CPU
		{E1708EE6-2A9F-4098-8AF0-07647E534521}.Debug|Any CPU.Build.0 = Debug|Any CPU
		{E1708EE6-2A9F-4098-8AF0-07647E534521}.Debug|Any CPU.Deploy.0 = Debug|Any CPU
		{E1708EE6-2A9F-4098-8AF0-07647E534521}.Debug|ARM.ActiveCfg = Debug|ARM
		{E1708EE6-2A9F-4098-8AF0-07647E534521}.Debug|ARM.Build.0 = Debug|ARM
		{E1708EE6-2A9F-4098-8AF0-07647E534521}.Debug|ARM.Deploy.0 = Debug|ARM
		{E1708EE6-2A9F-4098-8AF0-07647E534521}.Debug|iPhone.ActiveCfg = Debug|Any CPU
		{E1708EE6-2A9F-4098-8AF0-07647E534521}.Debug|iPhone.Build.0 = Debug|Any CPU
		{E1708EE6-2A9F-4098-8AF0-07647E534521}.Debug|iPhone.Deploy.0 = Debug|Any CPU
		{E1708EE6-2A9F-4098-8AF0-07647E534521}.Debug|iPhoneSimulator.ActiveCfg = Debug|Any CPU
		{E1708EE6-2A9F-4098-8AF0-07647E534521}.Debug|iPhoneSimulator.Build.0 = Debug|Any CPU
		{E1708EE6-2A9F-4098-8AF0-07647E534521}.Debug|iPhoneSimulator.Deploy.0 = Debug|Any CPU
		{E1708EE6-2A9F-4098-8AF0-07647E534521}.Debug|x64.ActiveCfg = Debug|x64
		{E1708EE6-2A9F-4098-8AF0-07647E534521}.Debug|x64.Build.0 = Debug|x64
		{E1708EE6-2A9F-4098-8AF0-07647E534521}.Debug|x64.Deploy.0 = Debug|x64
		{E1708EE6-2A9F-4098-8AF0-07647E534521}.Debug|x86.ActiveCfg = Debug|x86
		{E1708EE6-2A9F-4098-8AF0-07647E534521}.Debug|x86.Build.0 = Debug|x86
		{E1708EE6-2A9F-4098-8AF0-07647E534521}.Debug|x86.Deploy.0 = Debug|x86
		{E1708EE6-2A9F-4098-8AF0-07647E534521}.Release|Any CPU.ActiveCfg = Release|Any CPU
		{E1708EE6-2A9F-4098-8AF0-07647E534521}.Release|Any CPU.Build.0 = Release|Any CPU
		{E1708EE6-2A9F-4098-8AF0-07647E534521}.Release|Any CPU.Deploy.0 = Release|Any CPU
		{E1708EE6-2A9F-4098-8AF0-07647E534521}.Release|ARM.ActiveCfg = Release|ARM
		{E1708EE6-2A9F-4098-8AF0-07647E534521}.Release|ARM.Build.0 = Release|ARM
		{E1708EE6-2A9F-4098-8AF0-07647E534521}.Release|ARM.Deploy.0 = Release|ARM
		{E1708EE6-2A9F-4098-8AF0-07647E534521}.Release|iPhone.ActiveCfg = Release|Any CPU
		{E1708EE6-2A9F-4098-8AF0-07647E534521}.Release|iPhone.Build.0 = Release|Any CPU
		{E1708EE6-2A9F-4098-8AF0-07647E534521}.Release|iPhone.Deploy.0 = Release|Any CPU
		{E1708EE6-2A9F-4098-8AF0-07647E534521}.Release|iPhoneSimulator.ActiveCfg = Release|Any CPU
		{E1708EE6-2A9F-4098-8AF0-07647E534521}.Release|iPhoneSimulator.Build.0 = Release|Any CPU
		{E1708EE6-2A9F-4098-8AF0-07647E534521}.Release|iPhoneSimulator.Deploy.0 = Release|Any CPU
		{E1708EE6-2A9F-4098-8AF0-07647E534521}.Release|x64.ActiveCfg = Release|x64
		{E1708EE6-2A9F-4098-8AF0-07647E534521}.Release|x64.Build.0 = Release|x64
		{E1708EE6-2A9F-4098-8AF0-07647E534521}.Release|x64.Deploy.0 = Release|x64
		{E1708EE6-2A9F-4098-8AF0-07647E534521}.Release|x86.ActiveCfg = Release|x86
		{E1708EE6-2A9F-4098-8AF0-07647E534521}.Release|x86.Build.0 = Release|x86
		{E1708EE6-2A9F-4098-8AF0-07647E534521}.Release|x86.Deploy.0 = Release|x86
	EndGlobalSection
	GlobalSection(SolutionProperties) = preSolution
		HideSolutionNode = FALSE
	EndGlobalSection
EndGlobal
