
Microsoft Visual Studio Solution File, Format Version 12.00
# Visual Studio 15
VisualStudioVersion = 15.0.26403.7
MinimumVisualStudioVersion = 10.0.40219.1
Project("{D954291E-2A0B-460D-934E-DC6B0785DB48}") = "JokeDePapa.App", "JokeDePapa.App\JokeDePapa.App\JokeDePapa.App.shproj", "{172AA133-4DCA-4568-B98E-F0BB3C70DB26}"
EndProject
Project("{FAE04EC0-301F-11D3-BF4B-00C04F79EFBC}") = "JokeDePapa.App.Droid", "JokeDePapa.App\JokeDePapa.App.Droid\JokeDePapa.App.Droid.csproj", "{CB42702E-683C-4927-B5CC-D50C1E1606A6}"
EndProject
Project("{FAE04EC0-301F-11D3-BF4B-00C04F79EFBC}") = "JokeDePapa.App.iOS", "JokeDePapa.App\JokeDePapa.App.iOS\JokeDePapa.App.iOS.csproj", "{0FFF2F07-50FA-496E-AE81-DCC8A125BC96}"
EndProject
Project("{FAE04EC0-301F-11D3-BF4B-00C04F79EFBC}") = "JokeDePapa.App.UWP", "JokeDePapa.App\JokeDePapa.App.UWP\JokeDePapa.App.UWP.csproj", "{A8DA89AA-D81D-47BC-BE66-00D0733A547E}"
EndProject
Project("{FAE04EC0-301F-11D3-BF4B-00C04F79EFBC}") = "JokeDePapa.App.Windows", "JokeDePapa.App\JokeDePapa.App.Windows\JokeDePapa.App.Windows.csproj", "{E1708EE6-2A9F-4098-8AF0-07647E534521}"
EndProject
Project("{FAE04EC0-301F-11D3-BF4B-00C04F79EFBC}") = "JokeDePapa.App.WinPhone", "JokeDePapa.App\JokeDePapa.App.WinPhone\JokeDePapa.App.WinPhone.csproj", "{440408B0-4904-4F6D-9E1F-B0FF83BF2B82}"
EndProject
Project("{2150E333-8FDC-42A3-9474-1A3956D46DE8}") = "App", "App", "{67C49738-C33E-4649-9CD8-5F9C2E561B5E}"
EndProject
Project("{FAE04EC0-301F-11D3-BF4B-00C04F79EFBC}") = "JokeDePapa.Data", "JokeDePapa.Data\JokeDePapa.Data.csproj", "{67F9D3A8-F71E-4428-913F-C37AE82CDB24}"
EndProject
Project("{FAE04EC0-301F-11D3-BF4B-00C04F79EFBC}") = "JokeDePapa.Domain", "JokeDePapa.Domain\JokeDePapa.Domain.csproj", "{827CBB3F-C173-43AD-8DEF-6366A63EF775}"
EndProject
Project("{FAE04EC0-301F-11D3-BF4B-00C04F79EFBC}") = "JokeDePapa.Data.Test", "JokeDePapa.Data.Test\JokeDePapa.Data.Test.csproj", "{E0A55AB7-E38F-4658-80C5-57D93BB9451C}"
EndProject
Project("{FAE04EC0-301F-11D3-BF4B-00C04F79EFBC}") = "JokeDePapa.Service", "JokeDePapa.Service\JokeDePapa.Service.csproj", "{BE60E215-6BC4-4362-8984-8249D45ECA6C}"
EndProject
Project("{FAE04EC0-301F-11D3-BF4B-00C04F79EFBC}") = "JokeDePapa.Service.Test", "JokeDePapa.Service.Test\JokeDePapa.Service.Test.csproj", "{9F342CC4-D301-49FA-9FA0-1FC266D544C4}"
EndProject
Global
	GlobalSection(SharedMSBuildProjectFiles) = preSolution
		JokeDePapa.App\JokeDePapa.App\App4.projitems*{172aa133-4dca-4568-b98e-f0bb3c70db26}*SharedItemsImports = 13
		JokeDePapa.App\JokeDePapa.App\App4.projitems*{cb42702e-683c-4927-b5cc-d50c1e1606a6}*SharedItemsImports = 4
	EndGlobalSection
	GlobalSection(SolutionConfigurationPlatforms) = preSolution
		Ad-Hoc|Any CPU = Ad-Hoc|Any CPU
		Ad-Hoc|ARM = Ad-Hoc|ARM
		Ad-Hoc|iPhone = Ad-Hoc|iPhone
		Ad-Hoc|iPhoneSimulator = Ad-Hoc|iPhoneSimulator
		Ad-Hoc|x64 = Ad-Hoc|x64
		Ad-Hoc|x86 = Ad-Hoc|x86
		AppStore|Any CPU = AppStore|Any CPU
		AppStore|ARM = AppStore|ARM
		AppStore|iPhone = AppStore|iPhone
		AppStore|iPhoneSimulator = AppStore|iPhoneSimulator
		AppStore|x64 = AppStore|x64
		AppStore|x86 = AppStore|x86
		Debug|Any CPU = Debug|Any CPU
		Debug|ARM = Debug|ARM
		Debug|iPhone = Debug|iPhone
		Debug|iPhoneSimulator = Debug|iPhoneSimulator
		Debug|x64 = Debug|x64
		Debug|x86 = Debug|x86
		Release|Any CPU = Release|Any CPU
		Release|ARM = Release|ARM
		Release|iPhone = Release|iPhone
		Release|iPhoneSimulator = Release|iPhoneSimulator
		Release|x64 = Release|x64
		Release|x86 = Release|x86
	EndGlobalSection
	GlobalSection(ProjectConfigurationPlatforms) = postSolution
		{CB42702E-683C-4927-B5CC-D50C1E1606A6}.Ad-Hoc|Any CPU.ActiveCfg = Release|Any CPU
		{CB42702E-683C-4927-B5CC-D50C1E1606A6}.Ad-Hoc|Any CPU.Build.0 = Release|Any CPU
		{CB42702E-683C-4927-B5CC-D50C1E1606A6}.Ad-Hoc|Any CPU.Deploy.0 = Release|Any CPU
		{CB42702E-683C-4927-B5CC-D50C1E1606A6}.Ad-Hoc|ARM.ActiveCfg = Release|Any CPU
		{CB42702E-683C-4927-B5CC-D50C1E1606A6}.Ad-Hoc|ARM.Build.0 = Release|Any CPU
		{CB42702E-683C-4927-B5CC-D50C1E1606A6}.Ad-Hoc|ARM.Deploy.0 = Release|Any CPU
		{CB42702E-683C-4927-B5CC-D50C1E1606A6}.Ad-Hoc|iPhone.ActiveCfg = Release|Any CPU
		{CB42702E-683C-4927-B5CC-D50C1E1606A6}.Ad-Hoc|iPhone.Build.0 = Release|Any CPU
		{CB42702E-683C-4927-B5CC-D50C1E1606A6}.Ad-Hoc|iPhone.Deploy.0 = Release|Any CPU
		{CB42702E-683C-4927-B5CC-D50C1E1606A6}.Ad-Hoc|iPhoneSimulator.ActiveCfg = Release|Any CPU
		{CB42702E-683C-4927-B5CC-D50C1E1606A6}.Ad-Hoc|iPhoneSimulator.Build.0 = Release|Any CPU
		{CB42702E-683C-4927-B5CC-D50C1E1606A6}.Ad-Hoc|iPhoneSimulator.Deploy.0 = Release|Any CPU
		{CB42702E-683C-4927-B5CC-D50C1E1606A6}.Ad-Hoc|x64.ActiveCfg = Release|Any CPU
		{CB42702E-683C-4927-B5CC-D50C1E1606A6}.Ad-Hoc|x64.Build.0 = Release|Any CPU
		{CB42702E-683C-4927-B5CC-D50C1E1606A6}.Ad-Hoc|x64.Deploy.0 = Release|Any CPU
		{CB42702E-683C-4927-B5CC-D50C1E1606A6}.Ad-Hoc|x86.ActiveCfg = Release|Any CPU
		{CB42702E-683C-4927-B5CC-D50C1E1606A6}.Ad-Hoc|x86.Build.0 = Release|Any CPU
		{CB42702E-683C-4927-B5CC-D50C1E1606A6}.Ad-Hoc|x86.Deploy.0 = Release|Any CPU
		{CB42702E-683C-4927-B5CC-D50C1E1606A6}.AppStore|Any CPU.ActiveCfg = Release|Any CPU
		{CB42702E-683C-4927-B5CC-D50C1E1606A6}.AppStore|Any CPU.Build.0 = Release|Any CPU
		{CB42702E-683C-4927-B5CC-D50C1E1606A6}.AppStore|Any CPU.Deploy.0 = Release|Any CPU
		{CB42702E-683C-4927-B5CC-D50C1E1606A6}.AppStore|ARM.ActiveCfg = Release|Any CPU
		{CB42702E-683C-4927-B5CC-D50C1E1606A6}.AppStore|ARM.Build.0 = Release|Any CPU
		{CB42702E-683C-4927-B5CC-D50C1E1606A6}.AppStore|ARM.Deploy.0 = Release|Any CPU
		{CB42702E-683C-4927-B5CC-D50C1E1606A6}.AppStore|iPhone.ActiveCfg = Release|Any CPU
		{CB42702E-683C-4927-B5CC-D50C1E1606A6}.AppStore|iPhone.Build.0 = Release|Any CPU
		{CB42702E-683C-4927-B5CC-D50C1E1606A6}.AppStore|iPhone.Deploy.0 = Release|Any CPU
		{CB42702E-683C-4927-B5CC-D50C1E1606A6}.AppStore|iPhoneSimulator.ActiveCfg = Release|Any CPU
		{CB42702E-683C-4927-B5CC-D50C1E1606A6}.AppStore|iPhoneSimulator.Build.0 = Release|Any CPU
		{CB42702E-683C-4927-B5CC-D50C1E1606A6}.AppStore|iPhoneSimulator.Deploy.0 = Release|Any CPU
		{CB42702E-683C-4927-B5CC-D50C1E1606A6}.AppStore|x64.ActiveCfg = Release|Any CPU
		{CB42702E-683C-4927-B5CC-D50C1E1606A6}.AppStore|x64.Build.0 = Release|Any CPU
		{CB42702E-683C-4927-B5CC-D50C1E1606A6}.AppStore|x64.Deploy.0 = Release|Any CPU
		{CB42702E-683C-4927-B5CC-D50C1E1606A6}.AppStore|x86.ActiveCfg = Release|Any CPU
		{CB42702E-683C-4927-B5CC-D50C1E1606A6}.AppStore|x86.Build.0 = Release|Any CPU
		{CB42702E-683C-4927-B5CC-D50C1E1606A6}.AppStore|x86.Deploy.0 = Release|Any CPU
		{CB42702E-683C-4927-B5CC-D50C1E1606A6}.Debug|Any CPU.ActiveCfg = Debug|Any CPU
		{CB42702E-683C-4927-B5CC-D50C1E1606A6}.Debug|Any CPU.Build.0 = Debug|Any CPU
		{CB42702E-683C-4927-B5CC-D50C1E1606A6}.Debug|Any CPU.Deploy.0 = Debug|Any CPU
		{CB42702E-683C-4927-B5CC-D50C1E1606A6}.Debug|ARM.ActiveCfg = Debug|Any CPU
		{CB42702E-683C-4927-B5CC-D50C1E1606A6}.Debug|ARM.Build.0 = Debug|Any CPU
		{CB42702E-683C-4927-B5CC-D50C1E1606A6}.Debug|ARM.Deploy.0 = Debug|Any CPU
		{CB42702E-683C-4927-B5CC-D50C1E1606A6}.Debug|iPhone.ActiveCfg = Debug|Any CPU
		{CB42702E-683C-4927-B5CC-D50C1E1606A6}.Debug|iPhone.Build.0 = Debug|Any CPU
		{CB42702E-683C-4927-B5CC-D50C1E1606A6}.Debug|iPhone.Deploy.0 = Debug|Any CPU
		{CB42702E-683C-4927-B5CC-D50C1E1606A6}.Debug|iPhoneSimulator.ActiveCfg = Debug|Any CPU
		{CB42702E-683C-4927-B5CC-D50C1E1606A6}.Debug|iPhoneSimulator.Build.0 = Debug|Any CPU
		{CB42702E-683C-4927-B5CC-D50C1E1606A6}.Debug|iPhoneSimulator.Deploy.0 = Debug|Any CPU
		{CB42702E-683C-4927-B5CC-D50C1E1606A6}.Debug|x64.ActiveCfg = Debug|Any CPU
		{CB42702E-683C-4927-B5CC-D50C1E1606A6}.Debug|x64.Build.0 = Debug|Any CPU
		{CB42702E-683C-4927-B5CC-D50C1E1606A6}.Debug|x64.Deploy.0 = Debug|Any CPU
		{CB42702E-683C-4927-B5CC-D50C1E1606A6}.Debug|x86.ActiveCfg = Debug|Any CPU
		{CB42702E-683C-4927-B5CC-D50C1E1606A6}.Debug|x86.Build.0 = Debug|Any CPU
		{CB42702E-683C-4927-B5CC-D50C1E1606A6}.Debug|x86.Deploy.0 = Debug|Any CPU
		{CB42702E-683C-4927-B5CC-D50C1E1606A6}.Release|Any CPU.ActiveCfg = Release|Any CPU
		{CB42702E-683C-4927-B5CC-D50C1E1606A6}.Release|Any CPU.Build.0 = Release|Any CPU
		{CB42702E-683C-4927-B5CC-D50C1E1606A6}.Release|Any CPU.Deploy.0 = Release|Any CPU
		{CB42702E-683C-4927-B5CC-D50C1E1606A6}.Release|ARM.ActiveCfg = Release|Any CPU
		{CB42702E-683C-4927-B5CC-D50C1E1606A6}.Release|ARM.Build.0 = Release|Any CPU
		{CB42702E-683C-4927-B5CC-D50C1E1606A6}.Release|ARM.Deploy.0 = Release|Any CPU
		{CB42702E-683C-4927-B5CC-D50C1E1606A6}.Release|iPhone.ActiveCfg = Release|Any CPU
		{CB42702E-683C-4927-B5CC-D50C1E1606A6}.Release|iPhone.Build.0 = Release|Any CPU
		{CB42702E-683C-4927-B5CC-D50C1E1606A6}.Release|iPhone.Deploy.0 = Release|Any CPU
		{CB42702E-683C-4927-B5CC-D50C1E1606A6}.Release|iPhoneSimulator.ActiveCfg = Release|Any CPU
		{CB42702E-683C-4927-B5CC-D50C1E1606A6}.Release|iPhoneSimulator.Build.0 = Release|Any CPU
		{CB42702E-683C-4927-B5CC-D50C1E1606A6}.Release|iPhoneSimulator.Deploy.0 = Release|Any CPU
		{CB42702E-683C-4927-B5CC-D50C1E1606A6}.Release|x64.ActiveCfg = Release|Any CPU
		{CB42702E-683C-4927-B5CC-D50C1E1606A6}.Release|x64.Build.0 = Release|Any CPU
		{CB42702E-683C-4927-B5CC-D50C1E1606A6}.Release|x64.Deploy.0 = Release|Any CPU
		{CB42702E-683C-4927-B5CC-D50C1E1606A6}.Release|x86.ActiveCfg = Release|Any CPU
		{CB42702E-683C-4927-B5CC-D50C1E1606A6}.Release|x86.Build.0 = Release|Any CPU
		{CB42702E-683C-4927-B5CC-D50C1E1606A6}.Release|x86.Deploy.0 = Release|Any CPU
		{0FFF2F07-50FA-496E-AE81-DCC8A125BC96}.Ad-Hoc|Any CPU.ActiveCfg = Ad-Hoc|iPhone
		{0FFF2F07-50FA-496E-AE81-DCC8A125BC96}.Ad-Hoc|ARM.ActiveCfg = Ad-Hoc|iPhone
		{0FFF2F07-50FA-496E-AE81-DCC8A125BC96}.Ad-Hoc|iPhone.ActiveCfg = Ad-Hoc|iPhone
		{0FFF2F07-50FA-496E-AE81-DCC8A125BC96}.Ad-Hoc|iPhone.Build.0 = Ad-Hoc|iPhone
		{0FFF2F07-50FA-496E-AE81-DCC8A125BC96}.Ad-Hoc|iPhoneSimulator.ActiveCfg = Ad-Hoc|iPhoneSimulator
		{0FFF2F07-50FA-496E-AE81-DCC8A125BC96}.Ad-Hoc|iPhoneSimulator.Build.0 = Ad-Hoc|iPhoneSimulator
		{0FFF2F07-50FA-496E-AE81-DCC8A125BC96}.Ad-Hoc|x64.ActiveCfg = Ad-Hoc|iPhone
		{0FFF2F07-50FA-496E-AE81-DCC8A125BC96}.Ad-Hoc|x86.ActiveCfg = Ad-Hoc|iPhone
		{0FFF2F07-50FA-496E-AE81-DCC8A125BC96}.AppStore|Any CPU.ActiveCfg = AppStore|iPhone
		{0FFF2F07-50FA-496E-AE81-DCC8A125BC96}.AppStore|ARM.ActiveCfg = AppStore|iPhone
		{0FFF2F07-50FA-496E-AE81-DCC8A125BC96}.AppStore|iPhone.ActiveCfg = AppStore|iPhone
		{0FFF2F07-50FA-496E-AE81-DCC8A125BC96}.AppStore|iPhone.Build.0 = AppStore|iPhone
		{0FFF2F07-50FA-496E-AE81-DCC8A125BC96}.AppStore|iPhoneSimulator.ActiveCfg = AppStore|iPhoneSimulator
		{0FFF2F07-50FA-496E-AE81-DCC8A125BC96}.AppStore|iPhoneSimulator.Build.0 = AppStore|iPhoneSimulator
		{0FFF2F07-50FA-496E-AE81-DCC8A125BC96}.AppStore|x64.ActiveCfg = AppStore|iPhone
		{0FFF2F07-50FA-496E-AE81-DCC8A125BC96}.AppStore|x86.ActiveCfg = AppStore|iPhone
		{0FFF2F07-50FA-496E-AE81-DCC8A125BC96}.Debug|Any CPU.ActiveCfg = Debug|iPhone
		{0FFF2F07-50FA-496E-AE81-DCC8A125BC96}.Debug|ARM.ActiveCfg = Debug|iPhone
		{0FFF2F07-50FA-496E-AE81-DCC8A125BC96}.Debug|iPhone.ActiveCfg = Debug|iPhone
		{0FFF2F07-50FA-496E-AE81-DCC8A125BC96}.Debug|iPhone.Build.0 = Debug|iPhone
		{0FFF2F07-50FA-496E-AE81-DCC8A125BC96}.Debug|iPhoneSimulator.ActiveCfg = Debug|iPhoneSimulator
		{0FFF2F07-50FA-496E-AE81-DCC8A125BC96}.Debug|iPhoneSimulator.Build.0 = Debug|iPhoneSimulator
		{0FFF2F07-50FA-496E-AE81-DCC8A125BC96}.Debug|x64.ActiveCfg = Debug|iPhone
		{0FFF2F07-50FA-496E-AE81-DCC8A125BC96}.Debug|x86.ActiveCfg = Debug|iPhone
		{0FFF2F07-50FA-496E-AE81-DCC8A125BC96}.Release|Any CPU.ActiveCfg = Release|iPhone
		{0FFF2F07-50FA-496E-AE81-DCC8A125BC96}.Release|ARM.ActiveCfg = Release|iPhone
		{0FFF2F07-50FA-496E-AE81-DCC8A125BC96}.Release|iPhone.ActiveCfg = Release|iPhone
		{0FFF2F07-50FA-496E-AE81-DCC8A125BC96}.Release|iPhone.Build.0 = Release|iPhone
		{0FFF2F07-50FA-496E-AE81-DCC8A125BC96}.Release|iPhoneSimulator.ActiveCfg = Release|iPhoneSimulator
		{0FFF2F07-50FA-496E-AE81-DCC8A125BC96}.Release|iPhoneSimulator.Build.0 = Release|iPhoneSimulator
		{0FFF2F07-50FA-496E-AE81-DCC8A125BC96}.Release|x64.ActiveCfg = Release|iPhone
		{0FFF2F07-50FA-496E-AE81-DCC8A125BC96}.Release|x86.ActiveCfg = Release|iPhone
		{A8DA89AA-D81D-47BC-BE66-00D0733A547E}.Ad-Hoc|Any CPU.ActiveCfg = Release|x86
		{A8DA89AA-D81D-47BC-BE66-00D0733A547E}.Ad-Hoc|Any CPU.Build.0 = Release|x86
		{A8DA89AA-D81D-47BC-BE66-00D0733A547E}.Ad-Hoc|Any CPU.Deploy.0 = Release|x86
		{A8DA89AA-D81D-47BC-BE66-00D0733A547E}.Ad-Hoc|ARM.ActiveCfg = Release|ARM
		{A8DA89AA-D81D-47BC-BE66-00D0733A547E}.Ad-Hoc|ARM.Build.0 = Release|ARM
		{A8DA89AA-D81D-47BC-BE66-00D0733A547E}.Ad-Hoc|ARM.Deploy.0 = Release|ARM
		{A8DA89AA-D81D-47BC-BE66-00D0733A547E}.Ad-Hoc|iPhone.ActiveCfg = Release|x86
		{A8DA89AA-D81D-47BC-BE66-00D0733A547E}.Ad-Hoc|iPhone.Build.0 = Release|x86
		{A8DA89AA-D81D-47BC-BE66-00D0733A547E}.Ad-Hoc|iPhone.Deploy.0 = Release|x86
		{A8DA89AA-D81D-47BC-BE66-00D0733A547E}.Ad-Hoc|iPhoneSimulator.ActiveCfg = Release|x86
		{A8DA89AA-D81D-47BC-BE66-00D0733A547E}.Ad-Hoc|iPhoneSimulator.Build.0 = Release|x86
		{A8DA89AA-D81D-47BC-BE66-00D0733A547E}.Ad-Hoc|iPhoneSimulator.Deploy.0 = Release|x86
		{A8DA89AA-D81D-47BC-BE66-00D0733A547E}.Ad-Hoc|x64.ActiveCfg = Release|x64
		{A8DA89AA-D81D-47BC-BE66-00D0733A547E}.Ad-Hoc|x64.Build.0 = Release|x64
		{A8DA89AA-D81D-47BC-BE66-00D0733A547E}.Ad-Hoc|x64.Deploy.0 = Release|x64
		{A8DA89AA-D81D-47BC-BE66-00D0733A547E}.Ad-Hoc|x86.ActiveCfg = Release|x86
		{A8DA89AA-D81D-47BC-BE66-00D0733A547E}.Ad-Hoc|x86.Build.0 = Release|x86
		{A8DA89AA-D81D-47BC-BE66-00D0733A547E}.Ad-Hoc|x86.Deploy.0 = Release|x86
		{A8DA89AA-D81D-47BC-BE66-00D0733A547E}.AppStore|Any CPU.ActiveCfg = Release|x86
		{A8DA89AA-D81D-47BC-BE66-00D0733A547E}.AppStore|Any CPU.Build.0 = Release|x86
		{A8DA89AA-D81D-47BC-BE66-00D0733A547E}.AppStore|Any CPU.Deploy.0 = Release|x86
		{A8DA89AA-D81D-47BC-BE66-00D0733A547E}.AppStore|ARM.ActiveCfg = Release|ARM
		{A8DA89AA-D81D-47BC-BE66-00D0733A547E}.AppStore|ARM.Build.0 = Release|ARM
		{A8DA89AA-D81D-47BC-BE66-00D0733A547E}.AppStore|ARM.Deploy.0 = Release|ARM
		{A8DA89AA-D81D-47BC-BE66-00D0733A547E}.AppStore|iPhone.ActiveCfg = Release|x86
		{A8DA89AA-D81D-47BC-BE66-00D0733A547E}.AppStore|iPhone.Build.0 = Release|x86
		{A8DA89AA-D81D-47BC-BE66-00D0733A547E}.AppStore|iPhone.Deploy.0 = Release|x86
		{A8DA89AA-D81D-47BC-BE66-00D0733A547E}.AppStore|iPhoneSimulator.ActiveCfg = Release|x86
		{A8DA89AA-D81D-47BC-BE66-00D0733A547E}.AppStore|iPhoneSimulator.Build.0 = Release|x86
		{A8DA89AA-D81D-47BC-BE66-00D0733A547E}.AppStore|iPhoneSimulator.Deploy.0 = Release|x86
		{A8DA89AA-D81D-47BC-BE66-00D0733A547E}.AppStore|x64.ActiveCfg = Release|x64
		{A8DA89AA-D81D-47BC-BE66-00D0733A547E}.AppStore|x64.Build.0 = Release|x64
		{A8DA89AA-D81D-47BC-BE66-00D0733A547E}.AppStore|x64.Deploy.0 = Release|x64
		{A8DA89AA-D81D-47BC-BE66-00D0733A547E}.AppStore|x86.ActiveCfg = Release|x86
		{A8DA89AA-D81D-47BC-BE66-00D0733A547E}.AppStore|x86.Build.0 = Release|x86
		{A8DA89AA-D81D-47BC-BE66-00D0733A547E}.AppStore|x86.Deploy.0 = Release|x86
		{A8DA89AA-D81D-47BC-BE66-00D0733A547E}.Debug|Any CPU.ActiveCfg = Debug|x86
		{A8DA89AA-D81D-47BC-BE66-00D0733A547E}.Debug|ARM.ActiveCfg = Debug|ARM
		{A8DA89AA-D81D-47BC-BE66-00D0733A547E}.Debug|ARM.Build.0 = Debug|ARM
		{A8DA89AA-D81D-47BC-BE66-00D0733A547E}.Debug|ARM.Deploy.0 = Debug|ARM
		{A8DA89AA-D81D-47BC-BE66-00D0733A547E}.Debug|iPhone.ActiveCfg = Debug|x86
		{A8DA89AA-D81D-47BC-BE66-00D0733A547E}.Debug|iPhoneSimulator.ActiveCfg = Debug|x86
		{A8DA89AA-D81D-47BC-BE66-00D0733A547E}.Debug|x64.ActiveCfg = Debug|x64
		{A8DA89AA-D81D-47BC-BE66-00D0733A547E}.Debug|x64.Build.0 = Debug|x64
		{A8DA89AA-D81D-47BC-BE66-00D0733A547E}.Debug|x64.Deploy.0 = Debug|x64
		{A8DA89AA-D81D-47BC-BE66-00D0733A547E}.Debug|x86.ActiveCfg = Debug|x86
		{A8DA89AA-D81D-47BC-BE66-00D0733A547E}.Debug|x86.Build.0 = Debug|x86
		{A8DA89AA-D81D-47BC-BE66-00D0733A547E}.Debug|x86.Deploy.0 = Debug|x86
		{A8DA89AA-D81D-47BC-BE66-00D0733A547E}.Release|Any CPU.ActiveCfg = Release|x86
		{A8DA89AA-D81D-47BC-BE66-00D0733A547E}.Release|ARM.ActiveCfg = Release|ARM
		{A8DA89AA-D81D-47BC-BE66-00D0733A547E}.Release|ARM.Build.0 = Release|ARM
		{A8DA89AA-D81D-47BC-BE66-00D0733A547E}.Release|ARM.Deploy.0 = Release|ARM
		{A8DA89AA-D81D-47BC-BE66-00D0733A547E}.Release|iPhone.ActiveCfg = Release|x86
		{A8DA89AA-D81D-47BC-BE66-00D0733A547E}.Release|iPhoneSimulator.ActiveCfg = Release|x86
		{A8DA89AA-D81D-47BC-BE66-00D0733A547E}.Release|x64.ActiveCfg = Release|x64
		{A8DA89AA-D81D-47BC-BE66-00D0733A547E}.Release|x64.Build.0 = Release|x64
		{A8DA89AA-D81D-47BC-BE66-00D0733A547E}.Release|x64.Deploy.0 = Release|x64
		{A8DA89AA-D81D-47BC-BE66-00D0733A547E}.Release|x86.ActiveCfg = Release|x86
		{A8DA89AA-D81D-47BC-BE66-00D0733A547E}.Release|x86.Build.0 = Release|x86
		{A8DA89AA-D81D-47BC-BE66-00D0733A547E}.Release|x86.Deploy.0 = Release|x86
		{E1708EE6-2A9F-4098-8AF0-07647E534521}.Ad-Hoc|Any CPU.ActiveCfg = Release|Any CPU
		{E1708EE6-2A9F-4098-8AF0-07647E534521}.Ad-Hoc|Any CPU.Build.0 = Release|Any CPU
		{E1708EE6-2A9F-4098-8AF0-07647E534521}.Ad-Hoc|Any CPU.Deploy.0 = Release|Any CPU
		{E1708EE6-2A9F-4098-8AF0-07647E534521}.Ad-Hoc|ARM.ActiveCfg = Release|ARM
		{E1708EE6-2A9F-4098-8AF0-07647E534521}.Ad-Hoc|ARM.Build.0 = Release|ARM
		{E1708EE6-2A9F-4098-8AF0-07647E534521}.Ad-Hoc|ARM.Deploy.0 = Release|ARM
		{E1708EE6-2A9F-4098-8AF0-07647E534521}.Ad-Hoc|iPhone.ActiveCfg = Release|Any CPU
		{E1708EE6-2A9F-4098-8AF0-07647E534521}.Ad-Hoc|iPhone.Build.0 = Release|Any CPU
		{E1708EE6-2A9F-4098-8AF0-07647E534521}.Ad-Hoc|iPhone.Deploy.0 = Release|Any CPU
		{E1708EE6-2A9F-4098-8AF0-07647E534521}.Ad-Hoc|iPhoneSimulator.ActiveCfg = Release|Any CPU
		{E1708EE6-2A9F-4098-8AF0-07647E534521}.Ad-Hoc|iPhoneSimulator.Build.0 = Release|Any CPU
		{E1708EE6-2A9F-4098-8AF0-07647E534521}.Ad-Hoc|iPhoneSimulator.Deploy.0 = Release|Any CPU
		{E1708EE6-2A9F-4098-8AF0-07647E534521}.Ad-Hoc|x64.ActiveCfg = Release|x64
		{E1708EE6-2A9F-4098-8AF0-07647E534521}.Ad-Hoc|x64.Build.0 = Release|x64
		{E1708EE6-2A9F-4098-8AF0-07647E534521}.Ad-Hoc|x64.Deploy.0 = Release|x64
		{E1708EE6-2A9F-4098-8AF0-07647E534521}.Ad-Hoc|x86.ActiveCfg = Release|x86
		{E1708EE6-2A9F-4098-8AF0-07647E534521}.Ad-Hoc|x86.Build.0 = Release|x86
		{E1708EE6-2A9F-4098-8AF0-07647E534521}.Ad-Hoc|x86.Deploy.0 = Release|x86
		{E1708EE6-2A9F-4098-8AF0-07647E534521}.AppStore|Any CPU.ActiveCfg = Release|Any CPU
		{E1708EE6-2A9F-4098-8AF0-07647E534521}.AppStore|Any CPU.Build.0 = Release|Any CPU
		{E1708EE6-2A9F-4098-8AF0-07647E534521}.AppStore|Any CPU.Deploy.0 = Release|Any CPU
		{E1708EE6-2A9F-4098-8AF0-07647E534521}.AppStore|ARM.ActiveCfg = Release|ARM
		{E1708EE6-2A9F-4098-8AF0-07647E534521}.AppStore|ARM.Build.0 = Release|ARM
		{E1708EE6-2A9F-4098-8AF0-07647E534521}.AppStore|ARM.Deploy.0 = Release|ARM
		{E1708EE6-2A9F-4098-8AF0-07647E534521}.AppStore|iPhone.ActiveCfg = Release|Any CPU
		{E1708EE6-2A9F-4098-8AF0-07647E534521}.AppStore|iPhone.Build.0 = Release|Any CPU
		{E1708EE6-2A9F-4098-8AF0-07647E534521}.AppStore|iPhone.Deploy.0 = Release|Any CPU
		{E1708EE6-2A9F-4098-8AF0-07647E534521}.AppStore|iPhoneSimulator.ActiveCfg = Release|Any CPU
		{E1708EE6-2A9F-4098-8AF0-07647E534521}.AppStore|iPhoneSimulator.Build.0 = Release|Any CPU
		{E1708EE6-2A9F-4098-8AF0-07647E534521}.AppStore|iPhoneSimulator.Deploy.0 = Release|Any CPU
		{E1708EE6-2A9F-4098-8AF0-07647E534521}.AppStore|x64.ActiveCfg = Release|x64
		{E1708EE6-2A9F-4098-8AF0-07647E534521}.AppStore|x64.Build.0 = Release|x64
		{E1708EE6-2A9F-4098-8AF0-07647E534521}.AppStore|x64.Deploy.0 = Release|x64
		{E1708EE6-2A9F-4098-8AF0-07647E534521}.AppStore|x86.ActiveCfg = Release|x86
		{E1708EE6-2A9F-4098-8AF0-07647E534521}.AppStore|x86.Build.0 = Release|x86
		{E1708EE6-2A9F-4098-8AF0-07647E534521}.AppStore|x86.Deploy.0 = Release|x86
		{E1708EE6-2A9F-4098-8AF0-07647E534521}.Debug|Any CPU.ActiveCfg = Debug|Any CPU
		{E1708EE6-2A9F-4098-8AF0-07647E534521}.Debug|Any CPU.Build.0 = Debug|Any CPU
		{E1708EE6-2A9F-4098-8AF0-07647E534521}.Debug|Any CPU.Deploy.0 = Debug|Any CPU
		{E1708EE6-2A9F-4098-8AF0-07647E534521}.Debug|ARM.ActiveCfg = Debug|ARM
		{E1708EE6-2A9F-4098-8AF0-07647E534521}.Debug|ARM.Build.0 = Debug|ARM
		{E1708EE6-2A9F-4098-8AF0-07647E534521}.Debug|ARM.Deploy.0 = Debug|ARM
		{E1708EE6-2A9F-4098-8AF0-07647E534521}.Debug|iPhone.ActiveCfg = Debug|Any CPU
		{E1708EE6-2A9F-4098-8AF0-07647E534521}.Debug|iPhone.Build.0 = Debug|Any CPU
		{E1708EE6-2A9F-4098-8AF0-07647E534521}.Debug|iPhone.Deploy.0 = Debug|Any CPU
		{E1708EE6-2A9F-4098-8AF0-07647E534521}.Debug|iPhoneSimulator.ActiveCfg = Debug|Any CPU
		{E1708EE6-2A9F-4098-8AF0-07647E534521}.Debug|iPhoneSimulator.Build.0 = Debug|Any CPU
		{E1708EE6-2A9F-4098-8AF0-07647E534521}.Debug|iPhoneSimulator.Deploy.0 = Debug|Any CPU
		{E1708EE6-2A9F-4098-8AF0-07647E534521}.Debug|x64.ActiveCfg = Debug|x64
		{E1708EE6-2A9F-4098-8AF0-07647E534521}.Debug|x64.Build.0 = Debug|x64
		{E1708EE6-2A9F-4098-8AF0-07647E534521}.Debug|x64.Deploy.0 = Debug|x64
		{E1708EE6-2A9F-4098-8AF0-07647E534521}.Debug|x86.ActiveCfg = Debug|x86
		{E1708EE6-2A9F-4098-8AF0-07647E534521}.Debug|x86.Build.0 = Debug|x86
		{E1708EE6-2A9F-4098-8AF0-07647E534521}.Debug|x86.Deploy.0 = Debug|x86
		{E1708EE6-2A9F-4098-8AF0-07647E534521}.Release|Any CPU.ActiveCfg = Release|Any CPU
		{E1708EE6-2A9F-4098-8AF0-07647E534521}.Release|Any CPU.Build.0 = Release|Any CPU
		{E1708EE6-2A9F-4098-8AF0-07647E534521}.Release|Any CPU.Deploy.0 = Release|Any CPU
		{E1708EE6-2A9F-4098-8AF0-07647E534521}.Release|ARM.ActiveCfg = Release|ARM
		{E1708EE6-2A9F-4098-8AF0-07647E534521}.Release|ARM.Build.0 = Release|ARM
		{E1708EE6-2A9F-4098-8AF0-07647E534521}.Release|ARM.Deploy.0 = Release|ARM
		{E1708EE6-2A9F-4098-8AF0-07647E534521}.Release|iPhone.ActiveCfg = Release|Any CPU
		{E1708EE6-2A9F-4098-8AF0-07647E534521}.Release|iPhone.Build.0 = Release|Any CPU
		{E1708EE6-2A9F-4098-8AF0-07647E534521}.Release|iPhone.Deploy.0 = Release|Any CPU
		{E1708EE6-2A9F-4098-8AF0-07647E534521}.Release|iPhoneSimulator.ActiveCfg = Release|Any CPU
		{E1708EE6-2A9F-4098-8AF0-07647E534521}.Release|iPhoneSimulator.Build.0 = Release|Any CPU
		{E1708EE6-2A9F-4098-8AF0-07647E534521}.Release|iPhoneSimulator.Deploy.0 = Release|Any CPU
		{E1708EE6-2A9F-4098-8AF0-07647E534521}.Release|x64.ActiveCfg = Release|x64
		{E1708EE6-2A9F-4098-8AF0-07647E534521}.Release|x64.Build.0 = Release|x64
		{E1708EE6-2A9F-4098-8AF0-07647E534521}.Release|x64.Deploy.0 = Release|x64
		{E1708EE6-2A9F-4098-8AF0-07647E534521}.Release|x86.ActiveCfg = Release|x86
		{E1708EE6-2A9F-4098-8AF0-07647E534521}.Release|x86.Build.0 = Release|x86
		{E1708EE6-2A9F-4098-8AF0-07647E534521}.Release|x86.Deploy.0 = Release|x86
		{440408B0-4904-4F6D-9E1F-B0FF83BF2B82}.Ad-Hoc|Any CPU.ActiveCfg = Release|Any CPU
		{440408B0-4904-4F6D-9E1F-B0FF83BF2B82}.Ad-Hoc|Any CPU.Build.0 = Release|Any CPU
		{440408B0-4904-4F6D-9E1F-B0FF83BF2B82}.Ad-Hoc|Any CPU.Deploy.0 = Release|Any CPU
		{440408B0-4904-4F6D-9E1F-B0FF83BF2B82}.Ad-Hoc|ARM.ActiveCfg = Release|ARM
		{440408B0-4904-4F6D-9E1F-B0FF83BF2B82}.Ad-Hoc|ARM.Build.0 = Release|ARM
		{440408B0-4904-4F6D-9E1F-B0FF83BF2B82}.Ad-Hoc|ARM.Deploy.0 = Release|ARM
		{440408B0-4904-4F6D-9E1F-B0FF83BF2B82}.Ad-Hoc|iPhone.ActiveCfg = Release|Any CPU
		{440408B0-4904-4F6D-9E1F-B0FF83BF2B82}.Ad-Hoc|iPhone.Build.0 = Release|Any CPU
		{440408B0-4904-4F6D-9E1F-B0FF83BF2B82}.Ad-Hoc|iPhone.Deploy.0 = Release|Any CPU
		{440408B0-4904-4F6D-9E1F-B0FF83BF2B82}.Ad-Hoc|iPhoneSimulator.ActiveCfg = Release|Any CPU
		{440408B0-4904-4F6D-9E1F-B0FF83BF2B82}.Ad-Hoc|iPhoneSimulator.Build.0 = Release|Any CPU
		{440408B0-4904-4F6D-9E1F-B0FF83BF2B82}.Ad-Hoc|iPhoneSimulator.Deploy.0 = Release|Any CPU
		{440408B0-4904-4F6D-9E1F-B0FF83BF2B82}.Ad-Hoc|x64.ActiveCfg = Release|Any CPU
		{440408B0-4904-4F6D-9E1F-B0FF83BF2B82}.Ad-Hoc|x64.Build.0 = Release|Any CPU
		{440408B0-4904-4F6D-9E1F-B0FF83BF2B82}.Ad-Hoc|x64.Deploy.0 = Release|Any CPU
		{440408B0-4904-4F6D-9E1F-B0FF83BF2B82}.Ad-Hoc|x86.ActiveCfg = Release|x86
		{440408B0-4904-4F6D-9E1F-B0FF83BF2B82}.Ad-Hoc|x86.Build.0 = Release|x86
		{440408B0-4904-4F6D-9E1F-B0FF83BF2B82}.Ad-Hoc|x86.Deploy.0 = Release|x86
		{440408B0-4904-4F6D-9E1F-B0FF83BF2B82}.AppStore|Any CPU.ActiveCfg = Release|Any CPU
		{440408B0-4904-4F6D-9E1F-B0FF83BF2B82}.AppStore|Any CPU.Build.0 = Release|Any CPU
		{440408B0-4904-4F6D-9E1F-B0FF83BF2B82}.AppStore|Any CPU.Deploy.0 = Release|Any CPU
		{440408B0-4904-4F6D-9E1F-B0FF83BF2B82}.AppStore|ARM.ActiveCfg = Release|ARM
		{440408B0-4904-4F6D-9E1F-B0FF83BF2B82}.AppStore|ARM.Build.0 = Release|ARM
		{440408B0-4904-4F6D-9E1F-B0FF83BF2B82}.AppStore|ARM.Deploy.0 = Release|ARM
		{440408B0-4904-4F6D-9E1F-B0FF83BF2B82}.AppStore|iPhone.ActiveCfg = Release|Any CPU
		{440408B0-4904-4F6D-9E1F-B0FF83BF2B82}.AppStore|iPhone.Build.0 = Release|Any CPU
		{440408B0-4904-4F6D-9E1F-B0FF83BF2B82}.AppStore|iPhone.Deploy.0 = Release|Any CPU
		{440408B0-4904-4F6D-9E1F-B0FF83BF2B82}.AppStore|iPhoneSimulator.ActiveCfg = Release|Any CPU
		{440408B0-4904-4F6D-9E1F-B0FF83BF2B82}.AppStore|iPhoneSimulator.Build.0 = Release|Any CPU
		{440408B0-4904-4F6D-9E1F-B0FF83BF2B82}.AppStore|iPhoneSimulator.Deploy.0 = Release|Any CPU
		{440408B0-4904-4F6D-9E1F-B0FF83BF2B82}.AppStore|x64.ActiveCfg = Release|Any CPU
		{440408B0-4904-4F6D-9E1F-B0FF83BF2B82}.AppStore|x64.Build.0 = Release|Any CPU
		{440408B0-4904-4F6D-9E1F-B0FF83BF2B82}.AppStore|x64.Deploy.0 = Release|Any CPU
		{440408B0-4904-4F6D-9E1F-B0FF83BF2B82}.AppStore|x86.ActiveCfg = Release|x86
		{440408B0-4904-4F6D-9E1F-B0FF83BF2B82}.AppStore|x86.Build.0 = Release|x86
		{440408B0-4904-4F6D-9E1F-B0FF83BF2B82}.AppStore|x86.Deploy.0 = Release|x86
		{440408B0-4904-4F6D-9E1F-B0FF83BF2B82}.Debug|Any CPU.ActiveCfg = Debug|Any CPU
		{440408B0-4904-4F6D-9E1F-B0FF83BF2B82}.Debug|Any CPU.Build.0 = Debug|Any CPU
		{440408B0-4904-4F6D-9E1F-B0FF83BF2B82}.Debug|Any CPU.Deploy.0 = Debug|Any CPU
		{440408B0-4904-4F6D-9E1F-B0FF83BF2B82}.Debug|ARM.ActiveCfg = Debug|ARM
		{440408B0-4904-4F6D-9E1F-B0FF83BF2B82}.Debug|ARM.Build.0 = Debug|ARM
		{440408B0-4904-4F6D-9E1F-B0FF83BF2B82}.Debug|ARM.Deploy.0 = Debug|ARM
		{440408B0-4904-4F6D-9E1F-B0FF83BF2B82}.Debug|iPhone.ActiveCfg = Debug|Any CPU
		{440408B0-4904-4F6D-9E1F-B0FF83BF2B82}.Debug|iPhone.Build.0 = Debug|Any CPU
		{440408B0-4904-4F6D-9E1F-B0FF83BF2B82}.Debug|iPhone.Deploy.0 = Debug|Any CPU
		{440408B0-4904-4F6D-9E1F-B0FF83BF2B82}.Debug|iPhoneSimulator.ActiveCfg = Debug|Any CPU
		{440408B0-4904-4F6D-9E1F-B0FF83BF2B82}.Debug|iPhoneSimulator.Build.0 = Debug|Any CPU
		{440408B0-4904-4F6D-9E1F-B0FF83BF2B82}.Debug|iPhoneSimulator.Deploy.0 = Debug|Any CPU
		{440408B0-4904-4F6D-9E1F-B0FF83BF2B82}.Debug|x64.ActiveCfg = Debug|Any CPU
		{440408B0-4904-4F6D-9E1F-B0FF83BF2B82}.Debug|x64.Build.0 = Debug|Any CPU
		{440408B0-4904-4F6D-9E1F-B0FF83BF2B82}.Debug|x64.Deploy.0 = Debug|Any CPU
		{440408B0-4904-4F6D-9E1F-B0FF83BF2B82}.Debug|x86.ActiveCfg = Debug|x86
		{440408B0-4904-4F6D-9E1F-B0FF83BF2B82}.Debug|x86.Build.0 = Debug|x86
		{440408B0-4904-4F6D-9E1F-B0FF83BF2B82}.Debug|x86.Deploy.0 = Debug|x86
		{440408B0-4904-4F6D-9E1F-B0FF83BF2B82}.Release|Any CPU.ActiveCfg = Release|Any CPU
		{440408B0-4904-4F6D-9E1F-B0FF83BF2B82}.Release|Any CPU.Build.0 = Release|Any CPU
		{440408B0-4904-4F6D-9E1F-B0FF83BF2B82}.Release|Any CPU.Deploy.0 = Release|Any CPU
		{440408B0-4904-4F6D-9E1F-B0FF83BF2B82}.Release|ARM.ActiveCfg = Release|ARM
		{440408B0-4904-4F6D-9E1F-B0FF83BF2B82}.Release|ARM.Build.0 = Release|ARM
		{440408B0-4904-4F6D-9E1F-B0FF83BF2B82}.Release|ARM.Deploy.0 = Release|ARM
		{440408B0-4904-4F6D-9E1F-B0FF83BF2B82}.Release|iPhone.ActiveCfg = Release|Any CPU
		{440408B0-4904-4F6D-9E1F-B0FF83BF2B82}.Release|iPhone.Build.0 = Release|Any CPU
		{440408B0-4904-4F6D-9E1F-B0FF83BF2B82}.Release|iPhone.Deploy.0 = Release|Any CPU
		{440408B0-4904-4F6D-9E1F-B0FF83BF2B82}.Release|iPhoneSimulator.ActiveCfg = Release|Any CPU
		{440408B0-4904-4F6D-9E1F-B0FF83BF2B82}.Release|iPhoneSimulator.Build.0 = Release|Any CPU
		{440408B0-4904-4F6D-9E1F-B0FF83BF2B82}.Release|iPhoneSimulator.Deploy.0 = Release|Any CPU
		{440408B0-4904-4F6D-9E1F-B0FF83BF2B82}.Release|x64.ActiveCfg = Release|Any CPU
		{440408B0-4904-4F6D-9E1F-B0FF83BF2B82}.Release|x64.Build.0 = Release|Any CPU
		{440408B0-4904-4F6D-9E1F-B0FF83BF2B82}.Release|x64.Deploy.0 = Release|Any CPU
		{440408B0-4904-4F6D-9E1F-B0FF83BF2B82}.Release|x86.ActiveCfg = Release|x86
		{440408B0-4904-4F6D-9E1F-B0FF83BF2B82}.Release|x86.Build.0 = Release|x86
		{440408B0-4904-4F6D-9E1F-B0FF83BF2B82}.Release|x86.Deploy.0 = Release|x86
		{67F9D3A8-F71E-4428-913F-C37AE82CDB24}.Ad-Hoc|Any CPU.ActiveCfg = Release|Any CPU
		{67F9D3A8-F71E-4428-913F-C37AE82CDB24}.Ad-Hoc|Any CPU.Build.0 = Release|Any CPU
		{67F9D3A8-F71E-4428-913F-C37AE82CDB24}.Ad-Hoc|ARM.ActiveCfg = Release|Any CPU
		{67F9D3A8-F71E-4428-913F-C37AE82CDB24}.Ad-Hoc|ARM.Build.0 = Release|Any CPU
		{67F9D3A8-F71E-4428-913F-C37AE82CDB24}.Ad-Hoc|iPhone.ActiveCfg = Release|Any CPU
		{67F9D3A8-F71E-4428-913F-C37AE82CDB24}.Ad-Hoc|iPhone.Build.0 = Release|Any CPU
		{67F9D3A8-F71E-4428-913F-C37AE82CDB24}.Ad-Hoc|iPhoneSimulator.ActiveCfg = Release|Any CPU
		{67F9D3A8-F71E-4428-913F-C37AE82CDB24}.Ad-Hoc|iPhoneSimulator.Build.0 = Release|Any CPU
		{67F9D3A8-F71E-4428-913F-C37AE82CDB24}.Ad-Hoc|x64.ActiveCfg = Release|Any CPU
		{67F9D3A8-F71E-4428-913F-C37AE82CDB24}.Ad-Hoc|x64.Build.0 = Release|Any CPU
		{67F9D3A8-F71E-4428-913F-C37AE82CDB24}.Ad-Hoc|x86.ActiveCfg = Release|Any CPU
		{67F9D3A8-F71E-4428-913F-C37AE82CDB24}.Ad-Hoc|x86.Build.0 = Release|Any CPU
		{67F9D3A8-F71E-4428-913F-C37AE82CDB24}.AppStore|Any CPU.ActiveCfg = Release|Any CPU
		{67F9D3A8-F71E-4428-913F-C37AE82CDB24}.AppStore|Any CPU.Build.0 = Release|Any CPU
		{67F9D3A8-F71E-4428-913F-C37AE82CDB24}.AppStore|ARM.ActiveCfg = Release|Any CPU
		{67F9D3A8-F71E-4428-913F-C37AE82CDB24}.AppStore|ARM.Build.0 = Release|Any CPU
		{67F9D3A8-F71E-4428-913F-C37AE82CDB24}.AppStore|iPhone.ActiveCfg = Release|Any CPU
		{67F9D3A8-F71E-4428-913F-C37AE82CDB24}.AppStore|iPhone.Build.0 = Release|Any CPU
		{67F9D3A8-F71E-4428-913F-C37AE82CDB24}.AppStore|iPhoneSimulator.ActiveCfg = Release|Any CPU
		{67F9D3A8-F71E-4428-913F-C37AE82CDB24}.AppStore|iPhoneSimulator.Build.0 = Release|Any CPU
		{67F9D3A8-F71E-4428-913F-C37AE82CDB24}.AppStore|x64.ActiveCfg = Release|Any CPU
		{67F9D3A8-F71E-4428-913F-C37AE82CDB24}.AppStore|x64.Build.0 = Release|Any CPU
		{67F9D3A8-F71E-4428-913F-C37AE82CDB24}.AppStore|x86.ActiveCfg = Release|Any CPU
		{67F9D3A8-F71E-4428-913F-C37AE82CDB24}.AppStore|x86.Build.0 = Release|Any CPU
		{67F9D3A8-F71E-4428-913F-C37AE82CDB24}.Debug|Any CPU.ActiveCfg = Debug|Any CPU
		{67F9D3A8-F71E-4428-913F-C37AE82CDB24}.Debug|Any CPU.Build.0 = Debug|Any CPU
		{67F9D3A8-F71E-4428-913F-C37AE82CDB24}.Debug|ARM.ActiveCfg = Debug|Any CPU
		{67F9D3A8-F71E-4428-913F-C37AE82CDB24}.Debug|ARM.Build.0 = Debug|Any CPU
		{67F9D3A8-F71E-4428-913F-C37AE82CDB24}.Debug|iPhone.ActiveCfg = Debug|Any CPU
		{67F9D3A8-F71E-4428-913F-C37AE82CDB24}.Debug|iPhone.Build.0 = Debug|Any CPU
		{67F9D3A8-F71E-4428-913F-C37AE82CDB24}.Debug|iPhoneSimulator.ActiveCfg = Debug|Any CPU
		{67F9D3A8-F71E-4428-913F-C37AE82CDB24}.Debug|iPhoneSimulator.Build.0 = Debug|Any CPU
		{67F9D3A8-F71E-4428-913F-C37AE82CDB24}.Debug|x64.ActiveCfg = Debug|Any CPU
		{67F9D3A8-F71E-4428-913F-C37AE82CDB24}.Debug|x64.Build.0 = Debug|Any CPU
		{67F9D3A8-F71E-4428-913F-C37AE82CDB24}.Debug|x86.ActiveCfg = Debug|Any CPU
		{67F9D3A8-F71E-4428-913F-C37AE82CDB24}.Debug|x86.Build.0 = Debug|Any CPU
		{67F9D3A8-F71E-4428-913F-C37AE82CDB24}.Release|Any CPU.ActiveCfg = Release|Any CPU
		{67F9D3A8-F71E-4428-913F-C37AE82CDB24}.Release|Any CPU.Build.0 = Release|Any CPU
		{67F9D3A8-F71E-4428-913F-C37AE82CDB24}.Release|ARM.ActiveCfg = Release|Any CPU
		{67F9D3A8-F71E-4428-913F-C37AE82CDB24}.Release|ARM.Build.0 = Release|Any CPU
		{67F9D3A8-F71E-4428-913F-C37AE82CDB24}.Release|iPhone.ActiveCfg = Release|Any CPU
		{67F9D3A8-F71E-4428-913F-C37AE82CDB24}.Release|iPhone.Build.0 = Release|Any CPU
		{67F9D3A8-F71E-4428-913F-C37AE82CDB24}.Release|iPhoneSimulator.ActiveCfg = Release|Any CPU
		{67F9D3A8-F71E-4428-913F-C37AE82CDB24}.Release|iPhoneSimulator.Build.0 = Release|Any CPU
		{67F9D3A8-F71E-4428-913F-C37AE82CDB24}.Release|x64.ActiveCfg = Release|Any CPU
		{67F9D3A8-F71E-4428-913F-C37AE82CDB24}.Release|x64.Build.0 = Release|Any CPU
		{67F9D3A8-F71E-4428-913F-C37AE82CDB24}.Release|x86.ActiveCfg = Release|Any CPU
		{67F9D3A8-F71E-4428-913F-C37AE82CDB24}.Release|x86.Build.0 = Release|Any CPU
		{827CBB3F-C173-43AD-8DEF-6366A63EF775}.Ad-Hoc|Any CPU.ActiveCfg = Release|Any CPU
		{827CBB3F-C173-43AD-8DEF-6366A63EF775}.Ad-Hoc|Any CPU.Build.0 = Release|Any CPU
		{827CBB3F-C173-43AD-8DEF-6366A63EF775}.Ad-Hoc|ARM.ActiveCfg = Release|Any CPU
		{827CBB3F-C173-43AD-8DEF-6366A63EF775}.Ad-Hoc|ARM.Build.0 = Release|Any CPU
		{827CBB3F-C173-43AD-8DEF-6366A63EF775}.Ad-Hoc|iPhone.ActiveCfg = Release|Any CPU
		{827CBB3F-C173-43AD-8DEF-6366A63EF775}.Ad-Hoc|iPhone.Build.0 = Release|Any CPU
		{827CBB3F-C173-43AD-8DEF-6366A63EF775}.Ad-Hoc|iPhoneSimulator.ActiveCfg = Release|Any CPU
		{827CBB3F-C173-43AD-8DEF-6366A63EF775}.Ad-Hoc|iPhoneSimulator.Build.0 = Release|Any CPU
		{827CBB3F-C173-43AD-8DEF-6366A63EF775}.Ad-Hoc|x64.ActiveCfg = Release|Any CPU
		{827CBB3F-C173-43AD-8DEF-6366A63EF775}.Ad-Hoc|x64.Build.0 = Release|Any CPU
		{827CBB3F-C173-43AD-8DEF-6366A63EF775}.Ad-Hoc|x86.ActiveCfg = Release|Any CPU
		{827CBB3F-C173-43AD-8DEF-6366A63EF775}.Ad-Hoc|x86.Build.0 = Release|Any CPU
		{827CBB3F-C173-43AD-8DEF-6366A63EF775}.AppStore|Any CPU.ActiveCfg = Release|Any CPU
		{827CBB3F-C173-43AD-8DEF-6366A63EF775}.AppStore|Any CPU.Build.0 = Release|Any CPU
		{827CBB3F-C173-43AD-8DEF-6366A63EF775}.AppStore|ARM.ActiveCfg = Release|Any CPU
		{827CBB3F-C173-43AD-8DEF-6366A63EF775}.AppStore|ARM.Build.0 = Release|Any CPU
		{827CBB3F-C173-43AD-8DEF-6366A63EF775}.AppStore|iPhone.ActiveCfg = Release|Any CPU
		{827CBB3F-C173-43AD-8DEF-6366A63EF775}.AppStore|iPhone.Build.0 = Release|Any CPU
		{827CBB3F-C173-43AD-8DEF-6366A63EF775}.AppStore|iPhoneSimulator.ActiveCfg = Release|Any CPU
		{827CBB3F-C173-43AD-8DEF-6366A63EF775}.AppStore|iPhoneSimulator.Build.0 = Release|Any CPU
		{827CBB3F-C173-43AD-8DEF-6366A63EF775}.AppStore|x64.ActiveCfg = Release|Any CPU
		{827CBB3F-C173-43AD-8DEF-6366A63EF775}.AppStore|x64.Build.0 = Release|Any CPU
		{827CBB3F-C173-43AD-8DEF-6366A63EF775}.AppStore|x86.ActiveCfg = Release|Any CPU
		{827CBB3F-C173-43AD-8DEF-6366A63EF775}.AppStore|x86.Build.0 = Release|Any CPU
		{827CBB3F-C173-43AD-8DEF-6366A63EF775}.Debug|Any CPU.ActiveCfg = Debug|Any CPU
		{827CBB3F-C173-43AD-8DEF-6366A63EF775}.Debug|Any CPU.Build.0 = Debug|Any CPU
		{827CBB3F-C173-43AD-8DEF-6366A63EF775}.Debug|ARM.ActiveCfg = Debug|Any CPU
		{827CBB3F-C173-43AD-8DEF-6366A63EF775}.Debug|ARM.Build.0 = Debug|Any CPU
		{827CBB3F-C173-43AD-8DEF-6366A63EF775}.Debug|iPhone.ActiveCfg = Debug|Any CPU
		{827CBB3F-C173-43AD-8DEF-6366A63EF775}.Debug|iPhone.Build.0 = Debug|Any CPU
		{827CBB3F-C173-43AD-8DEF-6366A63EF775}.Debug|iPhoneSimulator.ActiveCfg = Debug|Any CPU
		{827CBB3F-C173-43AD-8DEF-6366A63EF775}.Debug|iPhoneSimulator.Build.0 = Debug|Any CPU
		{827CBB3F-C173-43AD-8DEF-6366A63EF775}.Debug|x64.ActiveCfg = Debug|Any CPU
		{827CBB3F-C173-43AD-8DEF-6366A63EF775}.Debug|x64.Build.0 = Debug|Any CPU
		{827CBB3F-C173-43AD-8DEF-6366A63EF775}.Debug|x86.ActiveCfg = Debug|Any CPU
		{827CBB3F-C173-43AD-8DEF-6366A63EF775}.Debug|x86.Build.0 = Debug|Any CPU
		{827CBB3F-C173-43AD-8DEF-6366A63EF775}.Release|Any CPU.ActiveCfg = Release|Any CPU
		{827CBB3F-C173-43AD-8DEF-6366A63EF775}.Release|Any CPU.Build.0 = Release|Any CPU
		{827CBB3F-C173-43AD-8DEF-6366A63EF775}.Release|ARM.ActiveCfg = Release|Any CPU
		{827CBB3F-C173-43AD-8DEF-6366A63EF775}.Release|ARM.Build.0 = Release|Any CPU
		{827CBB3F-C173-43AD-8DEF-6366A63EF775}.Release|iPhone.ActiveCfg = Release|Any CPU
		{827CBB3F-C173-43AD-8DEF-6366A63EF775}.Release|iPhone.Build.0 = Release|Any CPU
		{827CBB3F-C173-43AD-8DEF-6366A63EF775}.Release|iPhoneSimulator.ActiveCfg = Release|Any CPU
		{827CBB3F-C173-43AD-8DEF-6366A63EF775}.Release|iPhoneSimulator.Build.0 = Release|Any CPU
		{827CBB3F-C173-43AD-8DEF-6366A63EF775}.Release|x64.ActiveCfg = Release|Any CPU
		{827CBB3F-C173-43AD-8DEF-6366A63EF775}.Release|x64.Build.0 = Release|Any CPU
		{827CBB3F-C173-43AD-8DEF-6366A63EF775}.Release|x86.ActiveCfg = Release|Any CPU
		{827CBB3F-C173-43AD-8DEF-6366A63EF775}.Release|x86.Build.0 = Release|Any CPU
		{E0A55AB7-E38F-4658-80C5-57D93BB9451C}.Ad-Hoc|Any CPU.ActiveCfg = Release|Any CPU
		{E0A55AB7-E38F-4658-80C5-57D93BB9451C}.Ad-Hoc|Any CPU.Build.0 = Release|Any CPU
		{E0A55AB7-E38F-4658-80C5-57D93BB9451C}.Ad-Hoc|ARM.ActiveCfg = Release|Any CPU
		{E0A55AB7-E38F-4658-80C5-57D93BB9451C}.Ad-Hoc|ARM.Build.0 = Release|Any CPU
		{E0A55AB7-E38F-4658-80C5-57D93BB9451C}.Ad-Hoc|iPhone.ActiveCfg = Release|Any CPU
		{E0A55AB7-E38F-4658-80C5-57D93BB9451C}.Ad-Hoc|iPhone.Build.0 = Release|Any CPU
		{E0A55AB7-E38F-4658-80C5-57D93BB9451C}.Ad-Hoc|iPhoneSimulator.ActiveCfg = Release|Any CPU
		{E0A55AB7-E38F-4658-80C5-57D93BB9451C}.Ad-Hoc|iPhoneSimulator.Build.0 = Release|Any CPU
		{E0A55AB7-E38F-4658-80C5-57D93BB9451C}.Ad-Hoc|x64.ActiveCfg = Release|Any CPU
		{E0A55AB7-E38F-4658-80C5-57D93BB9451C}.Ad-Hoc|x64.Build.0 = Release|Any CPU
		{E0A55AB7-E38F-4658-80C5-57D93BB9451C}.Ad-Hoc|x86.ActiveCfg = Release|Any CPU
		{E0A55AB7-E38F-4658-80C5-57D93BB9451C}.Ad-Hoc|x86.Build.0 = Release|Any CPU
		{E0A55AB7-E38F-4658-80C5-57D93BB9451C}.AppStore|Any CPU.ActiveCfg = Release|Any CPU
		{E0A55AB7-E38F-4658-80C5-57D93BB9451C}.AppStore|Any CPU.Build.0 = Release|Any CPU
		{E0A55AB7-E38F-4658-80C5-57D93BB9451C}.AppStore|ARM.ActiveCfg = Release|Any CPU
		{E0A55AB7-E38F-4658-80C5-57D93BB9451C}.AppStore|ARM.Build.0 = Release|Any CPU
		{E0A55AB7-E38F-4658-80C5-57D93BB9451C}.AppStore|iPhone.ActiveCfg = Release|Any CPU
		{E0A55AB7-E38F-4658-80C5-57D93BB9451C}.AppStore|iPhone.Build.0 = Release|Any CPU
		{E0A55AB7-E38F-4658-80C5-57D93BB9451C}.AppStore|iPhoneSimulator.ActiveCfg = Release|Any CPU
		{E0A55AB7-E38F-4658-80C5-57D93BB9451C}.AppStore|iPhoneSimulator.Build.0 = Release|Any CPU
		{E0A55AB7-E38F-4658-80C5-57D93BB9451C}.AppStore|x64.ActiveCfg = Release|Any CPU
		{E0A55AB7-E38F-4658-80C5-57D93BB9451C}.AppStore|x64.Build.0 = Release|Any CPU
		{E0A55AB7-E38F-4658-80C5-57D93BB9451C}.AppStore|x86.ActiveCfg = Release|Any CPU
		{E0A55AB7-E38F-4658-80C5-57D93BB9451C}.AppStore|x86.Build.0 = Release|Any CPU
		{E0A55AB7-E38F-4658-80C5-57D93BB9451C}.Debug|Any CPU.ActiveCfg = Debug|Any CPU
		{E0A55AB7-E38F-4658-80C5-57D93BB9451C}.Debug|Any CPU.Build.0 = Debug|Any CPU
		{E0A55AB7-E38F-4658-80C5-57D93BB9451C}.Debug|ARM.ActiveCfg = Debug|Any CPU
		{E0A55AB7-E38F-4658-80C5-57D93BB9451C}.Debug|ARM.Build.0 = Debug|Any CPU
		{E0A55AB7-E38F-4658-80C5-57D93BB9451C}.Debug|iPhone.ActiveCfg = Debug|Any CPU
		{E0A55AB7-E38F-4658-80C5-57D93BB9451C}.Debug|iPhone.Build.0 = Debug|Any CPU
		{E0A55AB7-E38F-4658-80C5-57D93BB9451C}.Debug|iPhoneSimulator.ActiveCfg = Debug|Any CPU
		{E0A55AB7-E38F-4658-80C5-57D93BB9451C}.Debug|iPhoneSimulator.Build.0 = Debug|Any CPU
		{E0A55AB7-E38F-4658-80C5-57D93BB9451C}.Debug|x64.ActiveCfg = Debug|Any CPU
		{E0A55AB7-E38F-4658-80C5-57D93BB9451C}.Debug|x64.Build.0 = Debug|Any CPU
		{E0A55AB7-E38F-4658-80C5-57D93BB9451C}.Debug|x86.ActiveCfg = Debug|Any CPU
		{E0A55AB7-E38F-4658-80C5-57D93BB9451C}.Debug|x86.Build.0 = Debug|Any CPU
		{E0A55AB7-E38F-4658-80C5-57D93BB9451C}.Release|Any CPU.ActiveCfg = Release|Any CPU
		{E0A55AB7-E38F-4658-80C5-57D93BB9451C}.Release|Any CPU.Build.0 = Release|Any CPU
		{E0A55AB7-E38F-4658-80C5-57D93BB9451C}.Release|ARM.ActiveCfg = Release|Any CPU
		{E0A55AB7-E38F-4658-80C5-57D93BB9451C}.Release|ARM.Build.0 = Release|Any CPU
		{E0A55AB7-E38F-4658-80C5-57D93BB9451C}.Release|iPhone.ActiveCfg = Release|Any CPU
		{E0A55AB7-E38F-4658-80C5-57D93BB9451C}.Release|iPhone.Build.0 = Release|Any CPU
		{E0A55AB7-E38F-4658-80C5-57D93BB9451C}.Release|iPhoneSimulator.ActiveCfg = Release|Any CPU
		{E0A55AB7-E38F-4658-80C5-57D93BB9451C}.Release|iPhoneSimulator.Build.0 = Release|Any CPU
		{E0A55AB7-E38F-4658-80C5-57D93BB9451C}.Release|x64.ActiveCfg = Release|Any CPU
		{E0A55AB7-E38F-4658-80C5-57D93BB9451C}.Release|x64.Build.0 = Release|Any CPU
		{E0A55AB7-E38F-4658-80C5-57D93BB9451C}.Release|x86.ActiveCfg = Release|Any CPU
		{E0A55AB7-E38F-4658-80C5-57D93BB9451C}.Release|x86.Build.0 = Release|Any CPU
		{BE60E215-6BC4-4362-8984-8249D45ECA6C}.Ad-Hoc|Any CPU.ActiveCfg = Release|Any CPU
		{BE60E215-6BC4-4362-8984-8249D45ECA6C}.Ad-Hoc|Any CPU.Build.0 = Release|Any CPU
		{BE60E215-6BC4-4362-8984-8249D45ECA6C}.Ad-Hoc|ARM.ActiveCfg = Release|Any CPU
		{BE60E215-6BC4-4362-8984-8249D45ECA6C}.Ad-Hoc|ARM.Build.0 = Release|Any CPU
		{BE60E215-6BC4-4362-8984-8249D45ECA6C}.Ad-Hoc|iPhone.ActiveCfg = Release|Any CPU
		{BE60E215-6BC4-4362-8984-8249D45ECA6C}.Ad-Hoc|iPhone.Build.0 = Release|Any CPU
		{BE60E215-6BC4-4362-8984-8249D45ECA6C}.Ad-Hoc|iPhoneSimulator.ActiveCfg = Release|Any CPU
		{BE60E215-6BC4-4362-8984-8249D45ECA6C}.Ad-Hoc|iPhoneSimulator.Build.0 = Release|Any CPU
		{BE60E215-6BC4-4362-8984-8249D45ECA6C}.Ad-Hoc|x64.ActiveCfg = Release|Any CPU
		{BE60E215-6BC4-4362-8984-8249D45ECA6C}.Ad-Hoc|x64.Build.0 = Release|Any CPU
		{BE60E215-6BC4-4362-8984-8249D45ECA6C}.Ad-Hoc|x86.ActiveCfg = Release|Any CPU
		{BE60E215-6BC4-4362-8984-8249D45ECA6C}.Ad-Hoc|x86.Build.0 = Release|Any CPU
		{BE60E215-6BC4-4362-8984-8249D45ECA6C}.AppStore|Any CPU.ActiveCfg = Release|Any CPU
		{BE60E215-6BC4-4362-8984-8249D45ECA6C}.AppStore|Any CPU.Build.0 = Release|Any CPU
		{BE60E215-6BC4-4362-8984-8249D45ECA6C}.AppStore|ARM.ActiveCfg = Release|Any CPU
		{BE60E215-6BC4-4362-8984-8249D45ECA6C}.AppStore|ARM.Build.0 = Release|Any CPU
		{BE60E215-6BC4-4362-8984-8249D45ECA6C}.AppStore|iPhone.ActiveCfg = Release|Any CPU
		{BE60E215-6BC4-4362-8984-8249D45ECA6C}.AppStore|iPhone.Build.0 = Release|Any CPU
		{BE60E215-6BC4-4362-8984-8249D45ECA6C}.AppStore|iPhoneSimulator.ActiveCfg = Release|Any CPU
		{BE60E215-6BC4-4362-8984-8249D45ECA6C}.AppStore|iPhoneSimulator.Build.0 = Release|Any CPU
		{BE60E215-6BC4-4362-8984-8249D45ECA6C}.AppStore|x64.ActiveCfg = Release|Any CPU
		{BE60E215-6BC4-4362-8984-8249D45ECA6C}.AppStore|x64.Build.0 = Release|Any CPU
		{BE60E215-6BC4-4362-8984-8249D45ECA6C}.AppStore|x86.ActiveCfg = Release|Any CPU
		{BE60E215-6BC4-4362-8984-8249D45ECA6C}.AppStore|x86.Build.0 = Release|Any CPU
		{BE60E215-6BC4-4362-8984-8249D45ECA6C}.Debug|Any CPU.ActiveCfg = Debug|Any CPU
		{BE60E215-6BC4-4362-8984-8249D45ECA6C}.Debug|Any CPU.Build.0 = Debug|Any CPU
		{BE60E215-6BC4-4362-8984-8249D45ECA6C}.Debug|ARM.ActiveCfg = Debug|Any CPU
		{BE60E215-6BC4-4362-8984-8249D45ECA6C}.Debug|ARM.Build.0 = Debug|Any CPU
		{BE60E215-6BC4-4362-8984-8249D45ECA6C}.Debug|iPhone.ActiveCfg = Debug|Any CPU
		{BE60E215-6BC4-4362-8984-8249D45ECA6C}.Debug|iPhone.Build.0 = Debug|Any CPU
		{BE60E215-6BC4-4362-8984-8249D45ECA6C}.Debug|iPhoneSimulator.ActiveCfg = Debug|Any CPU
		{BE60E215-6BC4-4362-8984-8249D45ECA6C}.Debug|iPhoneSimulator.Build.0 = Debug|Any CPU
		{BE60E215-6BC4-4362-8984-8249D45ECA6C}.Debug|x64.ActiveCfg = Debug|Any CPU
		{BE60E215-6BC4-4362-8984-8249D45ECA6C}.Debug|x64.Build.0 = Debug|Any CPU
		{BE60E215-6BC4-4362-8984-8249D45ECA6C}.Debug|x86.ActiveCfg = Debug|Any CPU
		{BE60E215-6BC4-4362-8984-8249D45ECA6C}.Debug|x86.Build.0 = Debug|Any CPU
		{BE60E215-6BC4-4362-8984-8249D45ECA6C}.Release|Any CPU.ActiveCfg = Release|Any CPU
		{BE60E215-6BC4-4362-8984-8249D45ECA6C}.Release|Any CPU.Build.0 = Release|Any CPU
		{BE60E215-6BC4-4362-8984-8249D45ECA6C}.Release|ARM.ActiveCfg = Release|Any CPU
		{BE60E215-6BC4-4362-8984-8249D45ECA6C}.Release|ARM.Build.0 = Release|Any CPU
		{BE60E215-6BC4-4362-8984-8249D45ECA6C}.Release|iPhone.ActiveCfg = Release|Any CPU
		{BE60E215-6BC4-4362-8984-8249D45ECA6C}.Release|iPhone.Build.0 = Release|Any CPU
		{BE60E215-6BC4-4362-8984-8249D45ECA6C}.Release|iPhoneSimulator.ActiveCfg = Release|Any CPU
		{BE60E215-6BC4-4362-8984-8249D45ECA6C}.Release|iPhoneSimulator.Build.0 = Release|Any CPU
		{BE60E215-6BC4-4362-8984-8249D45ECA6C}.Release|x64.ActiveCfg = Release|Any CPU
		{BE60E215-6BC4-4362-8984-8249D45ECA6C}.Release|x64.Build.0 = Release|Any CPU
		{BE60E215-6BC4-4362-8984-8249D45ECA6C}.Release|x86.ActiveCfg = Release|Any CPU
		{BE60E215-6BC4-4362-8984-8249D45ECA6C}.Release|x86.Build.0 = Release|Any CPU
		{9F342CC4-D301-49FA-9FA0-1FC266D544C4}.Ad-Hoc|Any CPU.ActiveCfg = Release|Any CPU
		{9F342CC4-D301-49FA-9FA0-1FC266D544C4}.Ad-Hoc|Any CPU.Build.0 = Release|Any CPU
		{9F342CC4-D301-49FA-9FA0-1FC266D544C4}.Ad-Hoc|ARM.ActiveCfg = Release|Any CPU
		{9F342CC4-D301-49FA-9FA0-1FC266D544C4}.Ad-Hoc|ARM.Build.0 = Release|Any CPU
		{9F342CC4-D301-49FA-9FA0-1FC266D544C4}.Ad-Hoc|iPhone.ActiveCfg = Release|Any CPU
		{9F342CC4-D301-49FA-9FA0-1FC266D544C4}.Ad-Hoc|iPhone.Build.0 = Release|Any CPU
		{9F342CC4-D301-49FA-9FA0-1FC266D544C4}.Ad-Hoc|iPhoneSimulator.ActiveCfg = Release|Any CPU
		{9F342CC4-D301-49FA-9FA0-1FC266D544C4}.Ad-Hoc|iPhoneSimulator.Build.0 = Release|Any CPU
		{9F342CC4-D301-49FA-9FA0-1FC266D544C4}.Ad-Hoc|x64.ActiveCfg = Release|Any CPU
		{9F342CC4-D301-49FA-9FA0-1FC266D544C4}.Ad-Hoc|x64.Build.0 = Release|Any CPU
		{9F342CC4-D301-49FA-9FA0-1FC266D544C4}.Ad-Hoc|x86.ActiveCfg = Release|Any CPU
		{9F342CC4-D301-49FA-9FA0-1FC266D544C4}.Ad-Hoc|x86.Build.0 = Release|Any CPU
		{9F342CC4-D301-49FA-9FA0-1FC266D544C4}.AppStore|Any CPU.ActiveCfg = Release|Any CPU
		{9F342CC4-D301-49FA-9FA0-1FC266D544C4}.AppStore|Any CPU.Build.0 = Release|Any CPU
		{9F342CC4-D301-49FA-9FA0-1FC266D544C4}.AppStore|ARM.ActiveCfg = Release|Any CPU
		{9F342CC4-D301-49FA-9FA0-1FC266D544C4}.AppStore|ARM.Build.0 = Release|Any CPU
		{9F342CC4-D301-49FA-9FA0-1FC266D544C4}.AppStore|iPhone.ActiveCfg = Release|Any CPU
		{9F342CC4-D301-49FA-9FA0-1FC266D544C4}.AppStore|iPhone.Build.0 = Release|Any CPU
		{9F342CC4-D301-49FA-9FA0-1FC266D544C4}.AppStore|iPhoneSimulator.ActiveCfg = Release|Any CPU
		{9F342CC4-D301-49FA-9FA0-1FC266D544C4}.AppStore|iPhoneSimulator.Build.0 = Release|Any CPU
		{9F342CC4-D301-49FA-9FA0-1FC266D544C4}.AppStore|x64.ActiveCfg = Release|Any CPU
		{9F342CC4-D301-49FA-9FA0-1FC266D544C4}.AppStore|x64.Build.0 = Release|Any CPU
		{9F342CC4-D301-49FA-9FA0-1FC266D544C4}.AppStore|x86.ActiveCfg = Release|Any CPU
		{9F342CC4-D301-49FA-9FA0-1FC266D544C4}.AppStore|x86.Build.0 = Release|Any CPU
		{9F342CC4-D301-49FA-9FA0-1FC266D544C4}.Debug|Any CPU.ActiveCfg = Debug|Any CPU
		{9F342CC4-D301-49FA-9FA0-1FC266D544C4}.Debug|Any CPU.Build.0 = Debug|Any CPU
		{9F342CC4-D301-49FA-9FA0-1FC266D544C4}.Debug|ARM.ActiveCfg = Debug|Any CPU
		{9F342CC4-D301-49FA-9FA0-1FC266D544C4}.Debug|ARM.Build.0 = Debug|Any CPU
		{9F342CC4-D301-49FA-9FA0-1FC266D544C4}.Debug|iPhone.ActiveCfg = Debug|Any CPU
		{9F342CC4-D301-49FA-9FA0-1FC266D544C4}.Debug|iPhone.Build.0 = Debug|Any CPU
		{9F342CC4-D301-49FA-9FA0-1FC266D544C4}.Debug|iPhoneSimulator.ActiveCfg = Debug|Any CPU
		{9F342CC4-D301-49FA-9FA0-1FC266D544C4}.Debug|iPhoneSimulator.Build.0 = Debug|Any CPU
		{9F342CC4-D301-49FA-9FA0-1FC266D544C4}.Debug|x64.ActiveCfg = Debug|Any CPU
		{9F342CC4-D301-49FA-9FA0-1FC266D544C4}.Debug|x64.Build.0 = Debug|Any CPU
		{9F342CC4-D301-49FA-9FA0-1FC266D544C4}.Debug|x86.ActiveCfg = Debug|Any CPU
		{9F342CC4-D301-49FA-9FA0-1FC266D544C4}.Debug|x86.Build.0 = Debug|Any CPU
		{9F342CC4-D301-49FA-9FA0-1FC266D544C4}.Release|Any CPU.ActiveCfg = Release|Any CPU
		{9F342CC4-D301-49FA-9FA0-1FC266D544C4}.Release|Any CPU.Build.0 = Release|Any CPU
		{9F342CC4-D301-49FA-9FA0-1FC266D544C4}.Release|ARM.ActiveCfg = Release|Any CPU
		{9F342CC4-D301-49FA-9FA0-1FC266D544C4}.Release|ARM.Build.0 = Release|Any CPU
		{9F342CC4-D301-49FA-9FA0-1FC266D544C4}.Release|iPhone.ActiveCfg = Release|Any CPU
		{9F342CC4-D301-49FA-9FA0-1FC266D544C4}.Release|iPhone.Build.0 = Release|Any CPU
		{9F342CC4-D301-49FA-9FA0-1FC266D544C4}.Release|iPhoneSimulator.ActiveCfg = Release|Any CPU
		{9F342CC4-D301-49FA-9FA0-1FC266D544C4}.Release|iPhoneSimulator.Build.0 = Release|Any CPU
		{9F342CC4-D301-49FA-9FA0-1FC266D544C4}.Release|x64.ActiveCfg = Release|Any CPU
		{9F342CC4-D301-49FA-9FA0-1FC266D544C4}.Release|x64.Build.0 = Release|Any CPU
		{9F342CC4-D301-49FA-9FA0-1FC266D544C4}.Release|x86.ActiveCfg = Release|Any CPU
		{9F342CC4-D301-49FA-9FA0-1FC266D544C4}.Release|x86.Build.0 = Release|Any CPU
	EndGlobalSection
	GlobalSection(SolutionProperties) = preSolution
		HideSolutionNode = FALSE
	EndGlobalSection
	GlobalSection(NestedProjects) = preSolution
		{172AA133-4DCA-4568-B98E-F0BB3C70DB26} = {67C49738-C33E-4649-9CD8-5F9C2E561B5E}
		{CB42702E-683C-4927-B5CC-D50C1E1606A6} = {67C49738-C33E-4649-9CD8-5F9C2E561B5E}
		{0FFF2F07-50FA-496E-AE81-DCC8A125BC96} = {67C49738-C33E-4649-9CD8-5F9C2E561B5E}
		{A8DA89AA-D81D-47BC-BE66-00D0733A547E} = {67C49738-C33E-4649-9CD8-5F9C2E561B5E}
		{E1708EE6-2A9F-4098-8AF0-07647E534521} = {67C49738-C33E-4649-9CD8-5F9C2E561B5E}
		{440408B0-4904-4F6D-9E1F-B0FF83BF2B82} = {67C49738-C33E-4649-9CD8-5F9C2E561B5E}
	EndGlobalSection
EndGlobal
